
Microsoft Visual Studio Solution File, Format Version 11.00
# Visual Studio 2010
Project("{FAE04EC0-301F-11D3-BF4B-00C04F79EFBC}") = "CiberRecords", "CiberRecords\CiberRecords.csproj", "{F547FDCF-BAD3-44FE-98C7-43AA134239BF}"
EndProject
Project("{FAE04EC0-301F-11D3-BF4B-00C04F79EFBC}") = "CiberRecordTestApp", "..\CiberTestApp\CiberRecordTestApp\CiberRecordTestApp.csproj", "{C4B31E4D-BE9E-4C18-924A-609976989A0C}"
EndProject
Project("{FAE04EC0-301F-11D3-BF4B-00C04F79EFBC}") = "CiberReader", "..\CiberReader\CiberReader\CiberReader.csproj", "{500EF9A4-8FFC-4D0F-9FAE-D7027745326F}"
EndProject
Project("{FAE04EC0-301F-11D3-BF4B-00C04F79EFBC}") = "OmcCdr", "..\OmcCdr\OmcCdr\OmcCdr.csproj", "{89B111EF-6DBC-4571-BEE7-37A77C92D1DF}"
EndProject
Project("{FAE04EC0-301F-11D3-BF4B-00C04F79EFBC}") = "TechDataSheetReader", "..\TechDataSheet\TechDataSheetReader\TechDataSheetReader.csproj", "{61B51962-C7BC-4881-926B-CDC0BD125822}"
EndProject
Project("{FAE04EC0-301F-11D3-BF4B-00C04F79EFBC}") = "OmcFtp", "..\OmcCdr\FtpTest.cs\OmcFtp.csproj", "{29BEAB85-7182-4019-AFFF-C804AAAF8CA6}"
EndProject
Project("{FAE04EC0-301F-11D3-BF4B-00C04F79EFBC}") = "OmcFtpSvc", "..\OmcCdr\OmcFtpSvc\OmcFtpSvc\OmcFtpSvc.csproj", "{357C47F8-8C8B-4807-9636-C4DD1D3FEA55}"
EndProject
Project("{54435603-DBB4-11D2-8724-00A0C9A8B90C}") = "OmcFtpSvcSetup", "..\OmcCdr\OmcFtpSvcSetup\OmcFtpSvcSetup\OmcFtpSvcSetup.vdproj", "{D9B6B7EF-0390-4D59-9AA1-7AE1C42B45A6}"
EndProject
Project("{FAE04EC0-301F-11D3-BF4B-00C04F79EFBC}") = "OmcCdrProcessorSvc", "..\OmcCdr\OmcCdrProcessorSvc\OmcProcessorSvc\OmcCdrProcessorSvc.csproj", "{746661F4-350A-4100-A19E-2CAEF16F496D}"
EndProject
Project("{54435603-DBB4-11D2-8724-00A0C9A8B90C}") = "OmcCdrProcessorSetup", "..\OmcCdr\OmcCdrProcessorSvcSetup\OmcCdrProcessorSetup\OmcCdrProcessorSetup.vdproj", "{08EC60FE-0518-4D78-A287-78BBFB644A09}"
EndProject
Project("{FAE04EC0-301F-11D3-BF4B-00C04F79EFBC}") = "NpaNxxImportReader", "..\NpaNxxImportReader\NpaNxxImportReader.csproj", "{8DCAEE06-9030-4808-B38B-F639E651BC9A}"
EndProject
Project("{FAE04EC0-301F-11D3-BF4B-00C04F79EFBC}") = "OmcCiberProcessorSvc", "..\OmcCiberProcessorSvc\OmcCiberProcessorSvc.csproj", "{0417A62B-54C1-40A6-8D2D-29047027AC3B}"
EndProject
Project("{FAE04EC0-301F-11D3-BF4B-00C04F79EFBC}") = "OmcCiberHandler", "..\OmcCiberHandler\OmcCiberHandler.csproj", "{05DB2857-EE24-44A9-9A1D-E036DB15EE14}"
EndProject
Project("{54435603-DBB4-11D2-8724-00A0C9A8B90C}") = "OmcCiberProcessorSetup", "..\OmcCiberProcessorSetup\OmcCiberProcessorSetup.vdproj", "{3B2F44E2-9CA6-477D-8799-518D860F44F0}"
EndProject
Project("{FAE04EC0-301F-11D3-BF4B-00C04F79EFBC}") = "CdrFormatter", "..\CdrFormatter\CdrFormatter.csproj", "{DF2D1256-F18A-41AE-A692-664A3C6FC0AB}"
EndProject
Project("{FAE04EC0-301F-11D3-BF4B-00C04F79EFBC}") = "FileWriter", "..\FileWriter\FileWriter.csproj", "{3AD21F67-F291-49C1-B850-A8723C8D981C}"
EndProject
Project("{FAE04EC0-301F-11D3-BF4B-00C04F79EFBC}") = "CdrCiberDbMgr", "..\CdrCiberDbMgr\CdrCiberDbMgr.csproj", "{7685D17E-1732-4C75-9C55-F56F923597A5}"
EndProject
Project("{FAE04EC0-301F-11D3-BF4B-00C04F79EFBC}") = "WirelessCdrReportProcessor", "..\..\Reporting\WirelessReportingSvc\WirelessCdrReportProcessor.csproj", "{66515406-459D-41E8-8225-53132496323A}"
EndProject
Project("{FAE04EC0-301F-11D3-BF4B-00C04F79EFBC}") = "OWReportSvc", "..\..\Reporting\OWReportSvc\OWReportSvc.csproj", "{154BC402-9A7A-447B-AAE9-B5816C536520}"
EndProject
Project("{54435603-DBB4-11D2-8724-00A0C9A8B90C}") = "OwReportSvcSetup", "..\..\Reporting\OwReportSvcSetup\OwReportSvcSetup.vdproj", "{BF2015D9-6A53-483C-A30A-532F9A999F33}"
EndProject
Project("{FAE04EC0-301F-11D3-BF4B-00C04F79EFBC}") = "OmcCiberFileMgrSvc", "..\OmcCiberFileMgr\OmcCiberFileMgrSvc.csproj", "{FA6C13D0-430E-40FF-AF22-7FFF10F87ABA}"
EndProject
Project("{54435603-DBB4-11D2-8724-00A0C9A8B90C}") = "OmcCiberFileMgrSvcSetup", "..\OmcCiberFileMgrSvcSetup\OmcCiberFileMgrSvcSetup.vdproj", "{E08B2F6C-2084-487D-84F0-8D9DCABBF7D4}"
EndProject
Project("{FAE04EC0-301F-11D3-BF4B-00C04F79EFBC}") = "PicoCellReportProcessor", "..\..\Reporting\PicoCellReportProcessor\PicoCellReportProcessor.csproj", "{2EC0CF51-8E5D-4419-87BD-E5C76623EC82}"
EndProject
Project("{FAE04EC0-301F-11D3-BF4B-00C04F79EFBC}") = "CiberRating", "..\CiberRating\CiberRating.csproj", "{2091E254-029B-4A07-BDCA-06293ACEDAFB}"
EndProject
Project("{FAE04EC0-301F-11D3-BF4B-00C04F79EFBC}") = "SyniverseMgr", "..\SyniverseMgr\SyniverseMgr.csproj", "{A59CAE43-D6B8-4ACC-81B8-726E1F37DDE1}"
EndProject
Project("{FAE04EC0-301F-11D3-BF4B-00C04F79EFBC}") = "CiberTax", "..\CiberTax\CiberTax.csproj", "{F3F565BD-6941-4C1C-85F7-38B8EDB1C5B5}"
EndProject
Global
	GlobalSection(SolutionConfigurationPlatforms) = preSolution
		Debug|Any CPU = Debug|Any CPU
		Release|Any CPU = Release|Any CPU
	EndGlobalSection
	GlobalSection(ProjectConfigurationPlatforms) = postSolution
		{F547FDCF-BAD3-44FE-98C7-43AA134239BF}.Debug|Any CPU.ActiveCfg = Debug|Any CPU
		{F547FDCF-BAD3-44FE-98C7-43AA134239BF}.Debug|Any CPU.Build.0 = Debug|Any CPU
		{F547FDCF-BAD3-44FE-98C7-43AA134239BF}.Release|Any CPU.ActiveCfg = Release|Any CPU
		{F547FDCF-BAD3-44FE-98C7-43AA134239BF}.Release|Any CPU.Build.0 = Release|Any CPU
		{C4B31E4D-BE9E-4C18-924A-609976989A0C}.Debug|Any CPU.ActiveCfg = Debug|Any CPU
		{C4B31E4D-BE9E-4C18-924A-609976989A0C}.Debug|Any CPU.Build.0 = Debug|Any CPU
		{C4B31E4D-BE9E-4C18-924A-609976989A0C}.Release|Any CPU.ActiveCfg = Release|Any CPU
		{C4B31E4D-BE9E-4C18-924A-609976989A0C}.Release|Any CPU.Build.0 = Release|Any CPU
		{500EF9A4-8FFC-4D0F-9FAE-D7027745326F}.Debug|Any CPU.ActiveCfg = Debug|Any CPU
		{500EF9A4-8FFC-4D0F-9FAE-D7027745326F}.Debug|Any CPU.Build.0 = Debug|Any CPU
		{500EF9A4-8FFC-4D0F-9FAE-D7027745326F}.Release|Any CPU.ActiveCfg = Release|Any CPU
		{500EF9A4-8FFC-4D0F-9FAE-D7027745326F}.Release|Any CPU.Build.0 = Release|Any CPU
		{89B111EF-6DBC-4571-BEE7-37A77C92D1DF}.Debug|Any CPU.ActiveCfg = Debug|Any CPU
		{89B111EF-6DBC-4571-BEE7-37A77C92D1DF}.Debug|Any CPU.Build.0 = Debug|Any CPU
		{89B111EF-6DBC-4571-BEE7-37A77C92D1DF}.Release|Any CPU.ActiveCfg = Release|Any CPU
		{89B111EF-6DBC-4571-BEE7-37A77C92D1DF}.Release|Any CPU.Build.0 = Release|Any CPU
		{61B51962-C7BC-4881-926B-CDC0BD125822}.Debug|Any CPU.ActiveCfg = Debug|Any CPU
		{61B51962-C7BC-4881-926B-CDC0BD125822}.Debug|Any CPU.Build.0 = Debug|Any CPU
		{61B51962-C7BC-4881-926B-CDC0BD125822}.Release|Any CPU.ActiveCfg = Release|Any CPU
		{61B51962-C7BC-4881-926B-CDC0BD125822}.Release|Any CPU.Build.0 = Release|Any CPU
		{29BEAB85-7182-4019-AFFF-C804AAAF8CA6}.Debug|Any CPU.ActiveCfg = Debug|Any CPU
		{29BEAB85-7182-4019-AFFF-C804AAAF8CA6}.Debug|Any CPU.Build.0 = Debug|Any CPU
		{29BEAB85-7182-4019-AFFF-C804AAAF8CA6}.Release|Any CPU.ActiveCfg = Release|Any CPU
		{29BEAB85-7182-4019-AFFF-C804AAAF8CA6}.Release|Any CPU.Build.0 = Release|Any CPU
		{357C47F8-8C8B-4807-9636-C4DD1D3FEA55}.Debug|Any CPU.ActiveCfg = Debug|Any CPU
		{357C47F8-8C8B-4807-9636-C4DD1D3FEA55}.Debug|Any CPU.Build.0 = Debug|Any CPU
		{357C47F8-8C8B-4807-9636-C4DD1D3FEA55}.Release|Any CPU.ActiveCfg = Release|Any CPU
		{357C47F8-8C8B-4807-9636-C4DD1D3FEA55}.Release|Any CPU.Build.0 = Release|Any CPU
		{D9B6B7EF-0390-4D59-9AA1-7AE1C42B45A6}.Debug|Any CPU.ActiveCfg = Debug
		{D9B6B7EF-0390-4D59-9AA1-7AE1C42B45A6}.Release|Any CPU.ActiveCfg = Release
		{746661F4-350A-4100-A19E-2CAEF16F496D}.Debug|Any CPU.ActiveCfg = Debug|Any CPU
		{746661F4-350A-4100-A19E-2CAEF16F496D}.Debug|Any CPU.Build.0 = Debug|Any CPU
		{746661F4-350A-4100-A19E-2CAEF16F496D}.Release|Any CPU.ActiveCfg = Release|Any CPU
		{746661F4-350A-4100-A19E-2CAEF16F496D}.Release|Any CPU.Build.0 = Release|Any CPU
		{08EC60FE-0518-4D78-A287-78BBFB644A09}.Debug|Any CPU.ActiveCfg = Debug
		{08EC60FE-0518-4D78-A287-78BBFB644A09}.Release|Any CPU.ActiveCfg = Release
		{8DCAEE06-9030-4808-B38B-F639E651BC9A}.Debug|Any CPU.ActiveCfg = Debug|Any CPU
		{8DCAEE06-9030-4808-B38B-F639E651BC9A}.Debug|Any CPU.Build.0 = Debug|Any CPU
		{8DCAEE06-9030-4808-B38B-F639E651BC9A}.Release|Any CPU.ActiveCfg = Release|Any CPU
		{8DCAEE06-9030-4808-B38B-F639E651BC9A}.Release|Any CPU.Build.0 = Release|Any CPU
		{0417A62B-54C1-40A6-8D2D-29047027AC3B}.Debug|Any CPU.ActiveCfg = Debug|Any CPU
		{0417A62B-54C1-40A6-8D2D-29047027AC3B}.Debug|Any CPU.Build.0 = Debug|Any CPU
		{0417A62B-54C1-40A6-8D2D-29047027AC3B}.Release|Any CPU.ActiveCfg = Release|Any CPU
		{0417A62B-54C1-40A6-8D2D-29047027AC3B}.Release|Any CPU.Build.0 = Release|Any CPU
		{05DB2857-EE24-44A9-9A1D-E036DB15EE14}.Debug|Any CPU.ActiveCfg = Debug|Any CPU
		{05DB2857-EE24-44A9-9A1D-E036DB15EE14}.Debug|Any CPU.Build.0 = Debug|Any CPU
		{05DB2857-EE24-44A9-9A1D-E036DB15EE14}.Release|Any CPU.ActiveCfg = Release|Any CPU
		{05DB2857-EE24-44A9-9A1D-E036DB15EE14}.Release|Any CPU.Build.0 = Release|Any CPU
		{3B2F44E2-9CA6-477D-8799-518D860F44F0}.Debug|Any CPU.ActiveCfg = Debug
		{3B2F44E2-9CA6-477D-8799-518D860F44F0}.Release|Any CPU.ActiveCfg = Release
		{DF2D1256-F18A-41AE-A692-664A3C6FC0AB}.Debug|Any CPU.ActiveCfg = Debug|Any CPU
		{DF2D1256-F18A-41AE-A692-664A3C6FC0AB}.Debug|Any CPU.Build.0 = Debug|Any CPU
		{DF2D1256-F18A-41AE-A692-664A3C6FC0AB}.Release|Any CPU.ActiveCfg = Release|Any CPU
		{DF2D1256-F18A-41AE-A692-664A3C6FC0AB}.Release|Any CPU.Build.0 = Release|Any CPU
		{3AD21F67-F291-49C1-B850-A8723C8D981C}.Debug|Any CPU.ActiveCfg = Debug|Any CPU
		{3AD21F67-F291-49C1-B850-A8723C8D981C}.Debug|Any CPU.Build.0 = Debug|Any CPU
		{3AD21F67-F291-49C1-B850-A8723C8D981C}.Release|Any CPU.ActiveCfg = Release|Any CPU
		{3AD21F67-F291-49C1-B850-A8723C8D981C}.Release|Any CPU.Build.0 = Release|Any CPU
		{7685D17E-1732-4C75-9C55-F56F923597A5}.Debug|Any CPU.ActiveCfg = Debug|Any CPU
		{7685D17E-1732-4C75-9C55-F56F923597A5}.Debug|Any CPU.Build.0 = Debug|Any CPU
		{7685D17E-1732-4C75-9C55-F56F923597A5}.Release|Any CPU.ActiveCfg = Release|Any CPU
		{7685D17E-1732-4C75-9C55-F56F923597A5}.Release|Any CPU.Build.0 = Release|Any CPU
		{66515406-459D-41E8-8225-53132496323A}.Debug|Any CPU.ActiveCfg = Debug|Any CPU
		{66515406-459D-41E8-8225-53132496323A}.Debug|Any CPU.Build.0 = Debug|Any CPU
		{66515406-459D-41E8-8225-53132496323A}.Release|Any CPU.ActiveCfg = Release|Any CPU
		{66515406-459D-41E8-8225-53132496323A}.Release|Any CPU.Build.0 = Release|Any CPU
		{154BC402-9A7A-447B-AAE9-B5816C536520}.Debug|Any CPU.ActiveCfg = Debug|Any CPU
		{154BC402-9A7A-447B-AAE9-B5816C536520}.Debug|Any CPU.Build.0 = Debug|Any CPU
		{154BC402-9A7A-447B-AAE9-B5816C536520}.Release|Any CPU.ActiveCfg = Release|Any CPU
		{154BC402-9A7A-447B-AAE9-B5816C536520}.Release|Any CPU.Build.0 = Release|Any CPU
		{BF2015D9-6A53-483C-A30A-532F9A999F33}.Debug|Any CPU.ActiveCfg = Debug
		{BF2015D9-6A53-483C-A30A-532F9A999F33}.Release|Any CPU.ActiveCfg = Release
		{FA6C13D0-430E-40FF-AF22-7FFF10F87ABA}.Debug|Any CPU.ActiveCfg = Debug|Any CPU
		{FA6C13D0-430E-40FF-AF22-7FFF10F87ABA}.Debug|Any CPU.Build.0 = Debug|Any CPU
		{FA6C13D0-430E-40FF-AF22-7FFF10F87ABA}.Release|Any CPU.ActiveCfg = Release|Any CPU
		{FA6C13D0-430E-40FF-AF22-7FFF10F87ABA}.Release|Any CPU.Build.0 = Release|Any CPU
		{E08B2F6C-2084-487D-84F0-8D9DCABBF7D4}.Debug|Any CPU.ActiveCfg = Debug
		{E08B2F6C-2084-487D-84F0-8D9DCABBF7D4}.Release|Any CPU.ActiveCfg = Release
		{2EC0CF51-8E5D-4419-87BD-E5C76623EC82}.Debug|Any CPU.ActiveCfg = Debug|Any CPU
		{2EC0CF51-8E5D-4419-87BD-E5C76623EC82}.Debug|Any CPU.Build.0 = Debug|Any CPU
		{2EC0CF51-8E5D-4419-87BD-E5C76623EC82}.Release|Any CPU.ActiveCfg = Release|Any CPU
		{2EC0CF51-8E5D-4419-87BD-E5C76623EC82}.Release|Any CPU.Build.0 = Release|Any CPU
		{2091E254-029B-4A07-BDCA-06293ACEDAFB}.Debug|Any CPU.ActiveCfg = Debug|Any CPU
		{2091E254-029B-4A07-BDCA-06293ACEDAFB}.Debug|Any CPU.Build.0 = Debug|Any CPU
		{2091E254-029B-4A07-BDCA-06293ACEDAFB}.Release|Any CPU.ActiveCfg = Release|Any CPU
		{2091E254-029B-4A07-BDCA-06293ACEDAFB}.Release|Any CPU.Build.0 = Release|Any CPU
		{A59CAE43-D6B8-4ACC-81B8-726E1F37DDE1}.Debug|Any CPU.ActiveCfg = Debug|Any CPU
		{A59CAE43-D6B8-4ACC-81B8-726E1F37DDE1}.Debug|Any CPU.Build.0 = Debug|Any CPU
		{A59CAE43-D6B8-4ACC-81B8-726E1F37DDE1}.Release|Any CPU.ActiveCfg = Release|Any CPU
		{A59CAE43-D6B8-4ACC-81B8-726E1F37DDE1}.Release|Any CPU.Build.0 = Release|Any CPU
		{F3F565BD-6941-4C1C-85F7-38B8EDB1C5B5}.Debug|Any CPU.ActiveCfg = Debug|Any CPU
		{F3F565BD-6941-4C1C-85F7-38B8EDB1C5B5}.Debug|Any CPU.Build.0 = Debug|Any CPU
		{F3F565BD-6941-4C1C-85F7-38B8EDB1C5B5}.Release|Any CPU.ActiveCfg = Release|Any CPU
		{F3F565BD-6941-4C1C-85F7-38B8EDB1C5B5}.Release|Any CPU.Build.0 = Release|Any CPU
	EndGlobalSection
	GlobalSection(SolutionProperties) = preSolution
		HideSolutionNode = FALSE
	EndGlobalSection
EndGlobal
