
Microsoft Visual Studio Solution File, Format Version 10.00
# Visual Studio 2008
Project("{FAE04EC0-301F-11D3-BF4B-00C04F79EFBC}") = "CdrProcessor", "..\CdrProcessor\CdrProcessor.csproj", "{9DD6A9CE-5F4A-429F-9DF1-DC2F234C6B53}"
EndProject
Project("{FAE04EC0-301F-11D3-BF4B-00C04F79EFBC}") = "RedaptReportTestApp", "..\RedaptReportTestApp\RedaptReportTestApp.csproj", "{757405D9-F9E1-4CF3-A737-7F52A6272786}"
EndProject
Project("{FAE04EC0-301F-11D3-BF4B-00C04F79EFBC}") = "RedaptCallReportSvc", "..\RedaptCallReportSvc\RedaptCallReportSvc.csproj", "{F0375F97-BE96-4996-ABAE-96A48BED16FF}"
EndProject
Project("{54435603-DBB4-11D2-8724-00A0C9A8B90C}") = "RedaptSvcSetup", "RedaptSvcSetup\RedaptSvcSetup.vdproj", "{6E8D1347-D01D-4E14-BAD8-CE8DD834526E}"
EndProject
Global
	GlobalSection(SolutionConfigurationPlatforms) = preSolution
		Debug|Any CPU = Debug|Any CPU
		Release|Any CPU = Release|Any CPU
	EndGlobalSection
	GlobalSection(ProjectConfigurationPlatforms) = postSolution
		{9DD6A9CE-5F4A-429F-9DF1-DC2F234C6B53}.Debug|Any CPU.ActiveCfg = Debug|Any CPU
		{9DD6A9CE-5F4A-429F-9DF1-DC2F234C6B53}.Debug|Any CPU.Build.0 = Debug|Any CPU
		{9DD6A9CE-5F4A-429F-9DF1-DC2F234C6B53}.Release|Any CPU.ActiveCfg = Release|Any CPU
		{9DD6A9CE-5F4A-429F-9DF1-DC2F234C6B53}.Release|Any CPU.Build.0 = Release|Any CPU
		{757405D9-F9E1-4CF3-A737-7F52A6272786}.Debug|Any CPU.ActiveCfg = Debug|Any CPU
		{757405D9-F9E1-4CF3-A737-7F52A6272786}.Debug|Any CPU.Build.0 = Debug|Any CPU
		{757405D9-F9E1-4CF3-A737-7F52A6272786}.Release|Any CPU.ActiveCfg = Release|Any CPU
		{757405D9-F9E1-4CF3-A737-7F52A6272786}.Release|Any CPU.Build.0 = Release|Any CPU
		{F0375F97-BE96-4996-ABAE-96A48BED16FF}.Debug|Any CPU.ActiveCfg = Debug|Any CPU
		{F0375F97-BE96-4996-ABAE-96A48BED16FF}.Debug|Any CPU.Build.0 = Debug|Any CPU
		{F0375F97-BE96-4996-ABAE-96A48BED16FF}.Release|Any CPU.ActiveCfg = Release|Any CPU
		{F0375F97-BE96-4996-ABAE-96A48BED16FF}.Release|Any CPU.Build.0 = Release|Any CPU
		{6E8D1347-D01D-4E14-BAD8-CE8DD834526E}.Debug|Any CPU.ActiveCfg = Debug
		{6E8D1347-D01D-4E14-BAD8-CE8DD834526E}.Release|Any CPU.ActiveCfg = Release
	EndGlobalSection
	GlobalSection(SolutionProperties) = preSolution
		HideSolutionNode = FALSE
	EndGlobalSection
EndGlobal
