
Microsoft Visual Studio Solution File, Format Version 10.00
# Visual Studio 2008
Project("{FAE04EC0-301F-11D3-BF4B-00C04F79EFBC}") = "CdrProcessor", "Strata8CdrProcessor\CdrProcessor.csproj", "{3312AC0C-CC85-4FD6-8A50-8F7F458E5346}"
EndProject
Project("{FAE04EC0-301F-11D3-BF4B-00C04F79EFBC}") = "S8ReportSvc", "S8ReportSvc\S8ReportSvc.csproj", "{81EEAD33-09F0-434B-A8C2-20158160C89D}"
EndProject
Project("{FAE04EC0-301F-11D3-BF4B-00C04F79EFBC}") = "S8CdrProcessorTestApp", "S8CdrProcessorTestApp\S8CdrProcessorTestApp.csproj", "{17AE744C-2C6D-459E-93AD-B45719B6F90B}"
EndProject
Global
	GlobalSection(SolutionConfigurationPlatforms) = preSolution
		Debug|Any CPU = Debug|Any CPU
		Release|Any CPU = Release|Any CPU
	EndGlobalSection
	GlobalSection(ProjectConfigurationPlatforms) = postSolution
		{3312AC0C-CC85-4FD6-8A50-8F7F458E5346}.Debug|Any CPU.ActiveCfg = Debug|Any CPU
		{3312AC0C-CC85-4FD6-8A50-8F7F458E5346}.Debug|Any CPU.Build.0 = Debug|Any CPU
		{3312AC0C-CC85-4FD6-8A50-8F7F458E5346}.Release|Any CPU.ActiveCfg = Release|Any CPU
		{3312AC0C-CC85-4FD6-8A50-8F7F458E5346}.Release|Any CPU.Build.0 = Release|Any CPU
		{81EEAD33-09F0-434B-A8C2-20158160C89D}.Debug|Any CPU.ActiveCfg = Debug|Any CPU
		{81EEAD33-09F0-434B-A8C2-20158160C89D}.Debug|Any CPU.Build.0 = Debug|Any CPU
		{81EEAD33-09F0-434B-A8C2-20158160C89D}.Release|Any CPU.ActiveCfg = Release|Any CPU
		{81EEAD33-09F0-434B-A8C2-20158160C89D}.Release|Any CPU.Build.0 = Release|Any CPU
		{17AE744C-2C6D-459E-93AD-B45719B6F90B}.Debug|Any CPU.ActiveCfg = Debug|Any CPU
		{17AE744C-2C6D-459E-93AD-B45719B6F90B}.Debug|Any CPU.Build.0 = Debug|Any CPU
		{17AE744C-2C6D-459E-93AD-B45719B6F90B}.Release|Any CPU.ActiveCfg = Release|Any CPU
		{17AE744C-2C6D-459E-93AD-B45719B6F90B}.Release|Any CPU.Build.0 = Release|Any CPU
	EndGlobalSection
	GlobalSection(SolutionProperties) = preSolution
		HideSolutionNode = FALSE
	EndGlobalSection
EndGlobal
