
Microsoft Visual Studio Solution File, Format Version 12.00
# Visual Studio 2013
VisualStudioVersion = 12.0.30501.0
MinimumVisualStudioVersion = 10.0.40219.1
Project("{FAE04EC0-301F-11D3-BF4B-00C04F79EFBC}") = "MAFSftpTestApp", "..\Test\MAFSftpTestApp\MAFSftpTestApp.csproj", "{2CD08E66-0EBC-4517-B91A-D877B1FC0F79}"
EndProject
Project("{FAE04EC0-301F-11D3-BF4B-00C04F79EFBC}") = "MAFDbMgr", "..\MAFDbMgr\MAFDbMgr\MAFDbMgr.csproj", "{73F357C1-08C6-40DE-BC93-6A137662772A}"
EndProject
Project("{FAE04EC0-301F-11D3-BF4B-00C04F79EFBC}") = "FileWriter", "..\..\..\Ciber\FileWriter\FileWriter.csproj", "{3AD21F67-F291-49C1-B850-A8723C8D981C}"
EndProject
Project("{FAE04EC0-301F-11D3-BF4B-00C04F79EFBC}") = "MAFSftpMgr", "MAFSftpMgr.csproj", "{726D09AE-C34A-4B9F-ADE2-E4C9DF65545D}"
EndProject
Project("{FAE04EC0-301F-11D3-BF4B-00C04F79EFBC}") = "SftpMgrSvc", "..\SftpMgrSvc\SftpMgrSvc.csproj", "{FB05263A-8284-46E0-A332-A93165A93920}"
EndProject
Project("{6141683F-8A12-4E36-9623-2EB02B2C2303}") = "MAFSftpSvcInstaller", "..\MAFSftpSvcInstaller\MAFSftpSvcInstaller.isproj", "{25E1F65B-D5C1-4E19-8AD1-F1A972C2FA82}"
	ProjectSection(ProjectDependencies) = postProject
		{726D09AE-C34A-4B9F-ADE2-E4C9DF65545D} = {726D09AE-C34A-4B9F-ADE2-E4C9DF65545D}
	EndProjectSection
EndProject
Global
	GlobalSection(SolutionConfigurationPlatforms) = preSolution
		CD_ROM|Any CPU = CD_ROM|Any CPU
		CD_ROM|Mixed Platforms = CD_ROM|Mixed Platforms
		CD_ROM|x86 = CD_ROM|x86
		Debug|Any CPU = Debug|Any CPU
		Debug|Mixed Platforms = Debug|Mixed Platforms
		Debug|x86 = Debug|x86
		DVD-5|Any CPU = DVD-5|Any CPU
		DVD-5|Mixed Platforms = DVD-5|Mixed Platforms
		DVD-5|x86 = DVD-5|x86
		Release|Any CPU = Release|Any CPU
		Release|Mixed Platforms = Release|Mixed Platforms
		Release|x86 = Release|x86
		SingleImage|Any CPU = SingleImage|Any CPU
		SingleImage|Mixed Platforms = SingleImage|Mixed Platforms
		SingleImage|x86 = SingleImage|x86
	EndGlobalSection
	GlobalSection(ProjectConfigurationPlatforms) = postSolution
		{2CD08E66-0EBC-4517-B91A-D877B1FC0F79}.CD_ROM|Any CPU.ActiveCfg = Release|x86
		{2CD08E66-0EBC-4517-B91A-D877B1FC0F79}.CD_ROM|Mixed Platforms.ActiveCfg = Release|x86
		{2CD08E66-0EBC-4517-B91A-D877B1FC0F79}.CD_ROM|Mixed Platforms.Build.0 = Release|x86
		{2CD08E66-0EBC-4517-B91A-D877B1FC0F79}.CD_ROM|x86.ActiveCfg = Release|x86
		{2CD08E66-0EBC-4517-B91A-D877B1FC0F79}.CD_ROM|x86.Build.0 = Release|x86
		{2CD08E66-0EBC-4517-B91A-D877B1FC0F79}.Debug|Any CPU.ActiveCfg = Debug|x86
		{2CD08E66-0EBC-4517-B91A-D877B1FC0F79}.Debug|Mixed Platforms.ActiveCfg = Debug|x86
		{2CD08E66-0EBC-4517-B91A-D877B1FC0F79}.Debug|Mixed Platforms.Build.0 = Debug|x86
		{2CD08E66-0EBC-4517-B91A-D877B1FC0F79}.Debug|x86.ActiveCfg = Debug|x86
		{2CD08E66-0EBC-4517-B91A-D877B1FC0F79}.Debug|x86.Build.0 = Debug|x86
		{2CD08E66-0EBC-4517-B91A-D877B1FC0F79}.DVD-5|Any CPU.ActiveCfg = Debug|x86
		{2CD08E66-0EBC-4517-B91A-D877B1FC0F79}.DVD-5|Mixed Platforms.ActiveCfg = Debug|x86
		{2CD08E66-0EBC-4517-B91A-D877B1FC0F79}.DVD-5|Mixed Platforms.Build.0 = Debug|x86
		{2CD08E66-0EBC-4517-B91A-D877B1FC0F79}.DVD-5|x86.ActiveCfg = Debug|x86
		{2CD08E66-0EBC-4517-B91A-D877B1FC0F79}.DVD-5|x86.Build.0 = Debug|x86
		{2CD08E66-0EBC-4517-B91A-D877B1FC0F79}.Release|Any CPU.ActiveCfg = Release|x86
		{2CD08E66-0EBC-4517-B91A-D877B1FC0F79}.Release|Mixed Platforms.ActiveCfg = Release|x86
		{2CD08E66-0EBC-4517-B91A-D877B1FC0F79}.Release|Mixed Platforms.Build.0 = Release|x86
		{2CD08E66-0EBC-4517-B91A-D877B1FC0F79}.Release|x86.ActiveCfg = Release|x86
		{2CD08E66-0EBC-4517-B91A-D877B1FC0F79}.Release|x86.Build.0 = Release|x86
		{2CD08E66-0EBC-4517-B91A-D877B1FC0F79}.SingleImage|Any CPU.ActiveCfg = Release|x86
		{2CD08E66-0EBC-4517-B91A-D877B1FC0F79}.SingleImage|Mixed Platforms.ActiveCfg = Release|x86
		{2CD08E66-0EBC-4517-B91A-D877B1FC0F79}.SingleImage|Mixed Platforms.Build.0 = Release|x86
		{2CD08E66-0EBC-4517-B91A-D877B1FC0F79}.SingleImage|x86.ActiveCfg = Release|x86
		{2CD08E66-0EBC-4517-B91A-D877B1FC0F79}.SingleImage|x86.Build.0 = Release|x86
		{73F357C1-08C6-40DE-BC93-6A137662772A}.CD_ROM|Any CPU.ActiveCfg = Release|Any CPU
		{73F357C1-08C6-40DE-BC93-6A137662772A}.CD_ROM|Any CPU.Build.0 = Release|Any CPU
		{73F357C1-08C6-40DE-BC93-6A137662772A}.CD_ROM|Mixed Platforms.ActiveCfg = Release|Any CPU
		{73F357C1-08C6-40DE-BC93-6A137662772A}.CD_ROM|Mixed Platforms.Build.0 = Release|Any CPU
		{73F357C1-08C6-40DE-BC93-6A137662772A}.CD_ROM|x86.ActiveCfg = Release|Any CPU
		{73F357C1-08C6-40DE-BC93-6A137662772A}.Debug|Any CPU.ActiveCfg = Debug|Any CPU
		{73F357C1-08C6-40DE-BC93-6A137662772A}.Debug|Any CPU.Build.0 = Debug|Any CPU
		{73F357C1-08C6-40DE-BC93-6A137662772A}.Debug|Mixed Platforms.ActiveCfg = Debug|Any CPU
		{73F357C1-08C6-40DE-BC93-6A137662772A}.Debug|Mixed Platforms.Build.0 = Debug|Any CPU
		{73F357C1-08C6-40DE-BC93-6A137662772A}.Debug|x86.ActiveCfg = Debug|Any CPU
		{73F357C1-08C6-40DE-BC93-6A137662772A}.DVD-5|Any CPU.ActiveCfg = Debug|Any CPU
		{73F357C1-08C6-40DE-BC93-6A137662772A}.DVD-5|Any CPU.Build.0 = Debug|Any CPU
		{73F357C1-08C6-40DE-BC93-6A137662772A}.DVD-5|Mixed Platforms.ActiveCfg = Debug|Any CPU
		{73F357C1-08C6-40DE-BC93-6A137662772A}.DVD-5|Mixed Platforms.Build.0 = Debug|Any CPU
		{73F357C1-08C6-40DE-BC93-6A137662772A}.DVD-5|x86.ActiveCfg = Debug|Any CPU
		{73F357C1-08C6-40DE-BC93-6A137662772A}.Release|Any CPU.ActiveCfg = Release|Any CPU
		{73F357C1-08C6-40DE-BC93-6A137662772A}.Release|Any CPU.Build.0 = Release|Any CPU
		{73F357C1-08C6-40DE-BC93-6A137662772A}.Release|Mixed Platforms.ActiveCfg = Release|Any CPU
		{73F357C1-08C6-40DE-BC93-6A137662772A}.Release|Mixed Platforms.Build.0 = Release|Any CPU
		{73F357C1-08C6-40DE-BC93-6A137662772A}.Release|x86.ActiveCfg = Release|Any CPU
		{73F357C1-08C6-40DE-BC93-6A137662772A}.SingleImage|Any CPU.ActiveCfg = Release|Any CPU
		{73F357C1-08C6-40DE-BC93-6A137662772A}.SingleImage|Any CPU.Build.0 = Release|Any CPU
		{73F357C1-08C6-40DE-BC93-6A137662772A}.SingleImage|Mixed Platforms.ActiveCfg = Release|Any CPU
		{73F357C1-08C6-40DE-BC93-6A137662772A}.SingleImage|Mixed Platforms.Build.0 = Release|Any CPU
		{73F357C1-08C6-40DE-BC93-6A137662772A}.SingleImage|x86.ActiveCfg = Release|Any CPU
		{3AD21F67-F291-49C1-B850-A8723C8D981C}.CD_ROM|Any CPU.ActiveCfg = Release|Any CPU
		{3AD21F67-F291-49C1-B850-A8723C8D981C}.CD_ROM|Any CPU.Build.0 = Release|Any CPU
		{3AD21F67-F291-49C1-B850-A8723C8D981C}.CD_ROM|Mixed Platforms.ActiveCfg = Release|Any CPU
		{3AD21F67-F291-49C1-B850-A8723C8D981C}.CD_ROM|Mixed Platforms.Build.0 = Release|Any CPU
		{3AD21F67-F291-49C1-B850-A8723C8D981C}.CD_ROM|x86.ActiveCfg = Release|Any CPU
		{3AD21F67-F291-49C1-B850-A8723C8D981C}.Debug|Any CPU.ActiveCfg = Debug|Any CPU
		{3AD21F67-F291-49C1-B850-A8723C8D981C}.Debug|Any CPU.Build.0 = Debug|Any CPU
		{3AD21F67-F291-49C1-B850-A8723C8D981C}.Debug|Mixed Platforms.ActiveCfg = Debug|Any CPU
		{3AD21F67-F291-49C1-B850-A8723C8D981C}.Debug|Mixed Platforms.Build.0 = Debug|Any CPU
		{3AD21F67-F291-49C1-B850-A8723C8D981C}.Debug|x86.ActiveCfg = Debug|Any CPU
		{3AD21F67-F291-49C1-B850-A8723C8D981C}.DVD-5|Any CPU.ActiveCfg = Debug|Any CPU
		{3AD21F67-F291-49C1-B850-A8723C8D981C}.DVD-5|Any CPU.Build.0 = Debug|Any CPU
		{3AD21F67-F291-49C1-B850-A8723C8D981C}.DVD-5|Mixed Platforms.ActiveCfg = Debug|Any CPU
		{3AD21F67-F291-49C1-B850-A8723C8D981C}.DVD-5|Mixed Platforms.Build.0 = Debug|Any CPU
		{3AD21F67-F291-49C1-B850-A8723C8D981C}.DVD-5|x86.ActiveCfg = Debug|Any CPU
		{3AD21F67-F291-49C1-B850-A8723C8D981C}.Release|Any CPU.ActiveCfg = Release|Any CPU
		{3AD21F67-F291-49C1-B850-A8723C8D981C}.Release|Any CPU.Build.0 = Release|Any CPU
		{3AD21F67-F291-49C1-B850-A8723C8D981C}.Release|Mixed Platforms.ActiveCfg = Release|Any CPU
		{3AD21F67-F291-49C1-B850-A8723C8D981C}.Release|Mixed Platforms.Build.0 = Release|Any CPU
		{3AD21F67-F291-49C1-B850-A8723C8D981C}.Release|x86.ActiveCfg = Release|Any CPU
		{3AD21F67-F291-49C1-B850-A8723C8D981C}.SingleImage|Any CPU.ActiveCfg = Release|Any CPU
		{3AD21F67-F291-49C1-B850-A8723C8D981C}.SingleImage|Any CPU.Build.0 = Release|Any CPU
		{3AD21F67-F291-49C1-B850-A8723C8D981C}.SingleImage|Mixed Platforms.ActiveCfg = Release|Any CPU
		{3AD21F67-F291-49C1-B850-A8723C8D981C}.SingleImage|Mixed Platforms.Build.0 = Release|Any CPU
		{3AD21F67-F291-49C1-B850-A8723C8D981C}.SingleImage|x86.ActiveCfg = Release|Any CPU
		{726D09AE-C34A-4B9F-ADE2-E4C9DF65545D}.CD_ROM|Any CPU.ActiveCfg = Release|Any CPU
		{726D09AE-C34A-4B9F-ADE2-E4C9DF65545D}.CD_ROM|Any CPU.Build.0 = Release|Any CPU
		{726D09AE-C34A-4B9F-ADE2-E4C9DF65545D}.CD_ROM|Mixed Platforms.ActiveCfg = Release|Any CPU
		{726D09AE-C34A-4B9F-ADE2-E4C9DF65545D}.CD_ROM|Mixed Platforms.Build.0 = Release|Any CPU
		{726D09AE-C34A-4B9F-ADE2-E4C9DF65545D}.CD_ROM|x86.ActiveCfg = Release|Any CPU
		{726D09AE-C34A-4B9F-ADE2-E4C9DF65545D}.Debug|Any CPU.ActiveCfg = Debug|Any CPU
		{726D09AE-C34A-4B9F-ADE2-E4C9DF65545D}.Debug|Any CPU.Build.0 = Debug|Any CPU
		{726D09AE-C34A-4B9F-ADE2-E4C9DF65545D}.Debug|Mixed Platforms.ActiveCfg = Debug|Any CPU
		{726D09AE-C34A-4B9F-ADE2-E4C9DF65545D}.Debug|Mixed Platforms.Build.0 = Debug|Any CPU
		{726D09AE-C34A-4B9F-ADE2-E4C9DF65545D}.Debug|x86.ActiveCfg = Debug|Any CPU
		{726D09AE-C34A-4B9F-ADE2-E4C9DF65545D}.DVD-5|Any CPU.ActiveCfg = Debug|Any CPU
		{726D09AE-C34A-4B9F-ADE2-E4C9DF65545D}.DVD-5|Any CPU.Build.0 = Debug|Any CPU
		{726D09AE-C34A-4B9F-ADE2-E4C9DF65545D}.DVD-5|Mixed Platforms.ActiveCfg = Debug|Any CPU
		{726D09AE-C34A-4B9F-ADE2-E4C9DF65545D}.DVD-5|Mixed Platforms.Build.0 = Debug|Any CPU
		{726D09AE-C34A-4B9F-ADE2-E4C9DF65545D}.DVD-5|x86.ActiveCfg = Debug|Any CPU
		{726D09AE-C34A-4B9F-ADE2-E4C9DF65545D}.Release|Any CPU.ActiveCfg = Release|Any CPU
		{726D09AE-C34A-4B9F-ADE2-E4C9DF65545D}.Release|Any CPU.Build.0 = Release|Any CPU
		{726D09AE-C34A-4B9F-ADE2-E4C9DF65545D}.Release|Mixed Platforms.ActiveCfg = Release|Any CPU
		{726D09AE-C34A-4B9F-ADE2-E4C9DF65545D}.Release|Mixed Platforms.Build.0 = Release|Any CPU
		{726D09AE-C34A-4B9F-ADE2-E4C9DF65545D}.Release|x86.ActiveCfg = Release|Any CPU
		{726D09AE-C34A-4B9F-ADE2-E4C9DF65545D}.SingleImage|Any CPU.ActiveCfg = Release|Any CPU
		{726D09AE-C34A-4B9F-ADE2-E4C9DF65545D}.SingleImage|Any CPU.Build.0 = Release|Any CPU
		{726D09AE-C34A-4B9F-ADE2-E4C9DF65545D}.SingleImage|Mixed Platforms.ActiveCfg = Release|Any CPU
		{726D09AE-C34A-4B9F-ADE2-E4C9DF65545D}.SingleImage|Mixed Platforms.Build.0 = Release|Any CPU
		{726D09AE-C34A-4B9F-ADE2-E4C9DF65545D}.SingleImage|x86.ActiveCfg = Release|Any CPU
		{FB05263A-8284-46E0-A332-A93165A93920}.CD_ROM|Any CPU.ActiveCfg = Release|x86
		{FB05263A-8284-46E0-A332-A93165A93920}.CD_ROM|Mixed Platforms.ActiveCfg = Release|x86
		{FB05263A-8284-46E0-A332-A93165A93920}.CD_ROM|Mixed Platforms.Build.0 = Release|x86
		{FB05263A-8284-46E0-A332-A93165A93920}.CD_ROM|x86.ActiveCfg = Release|x86
		{FB05263A-8284-46E0-A332-A93165A93920}.CD_ROM|x86.Build.0 = Release|x86
		{FB05263A-8284-46E0-A332-A93165A93920}.Debug|Any CPU.ActiveCfg = Debug|x86
		{FB05263A-8284-46E0-A332-A93165A93920}.Debug|Mixed Platforms.ActiveCfg = Debug|x86
		{FB05263A-8284-46E0-A332-A93165A93920}.Debug|Mixed Platforms.Build.0 = Debug|x86
		{FB05263A-8284-46E0-A332-A93165A93920}.Debug|x86.ActiveCfg = Debug|x86
		{FB05263A-8284-46E0-A332-A93165A93920}.Debug|x86.Build.0 = Debug|x86
		{FB05263A-8284-46E0-A332-A93165A93920}.DVD-5|Any CPU.ActiveCfg = Debug|x86
		{FB05263A-8284-46E0-A332-A93165A93920}.DVD-5|Mixed Platforms.ActiveCfg = Debug|x86
		{FB05263A-8284-46E0-A332-A93165A93920}.DVD-5|Mixed Platforms.Build.0 = Debug|x86
		{FB05263A-8284-46E0-A332-A93165A93920}.DVD-5|x86.ActiveCfg = Debug|x86
		{FB05263A-8284-46E0-A332-A93165A93920}.DVD-5|x86.Build.0 = Debug|x86
		{FB05263A-8284-46E0-A332-A93165A93920}.Release|Any CPU.ActiveCfg = Release|x86
		{FB05263A-8284-46E0-A332-A93165A93920}.Release|Mixed Platforms.ActiveCfg = Release|x86
		{FB05263A-8284-46E0-A332-A93165A93920}.Release|Mixed Platforms.Build.0 = Release|x86
		{FB05263A-8284-46E0-A332-A93165A93920}.Release|x86.ActiveCfg = Release|x86
		{FB05263A-8284-46E0-A332-A93165A93920}.Release|x86.Build.0 = Release|x86
		{FB05263A-8284-46E0-A332-A93165A93920}.SingleImage|Any CPU.ActiveCfg = Release|x86
		{FB05263A-8284-46E0-A332-A93165A93920}.SingleImage|Mixed Platforms.ActiveCfg = Release|x86
		{FB05263A-8284-46E0-A332-A93165A93920}.SingleImage|Mixed Platforms.Build.0 = Release|x86
		{FB05263A-8284-46E0-A332-A93165A93920}.SingleImage|x86.ActiveCfg = Release|x86
		{FB05263A-8284-46E0-A332-A93165A93920}.SingleImage|x86.Build.0 = Release|x86
		{25E1F65B-D5C1-4E19-8AD1-F1A972C2FA82}.CD_ROM|Any CPU.ActiveCfg = CD_ROM
		{25E1F65B-D5C1-4E19-8AD1-F1A972C2FA82}.CD_ROM|Any CPU.Build.0 = CD_ROM
		{25E1F65B-D5C1-4E19-8AD1-F1A972C2FA82}.CD_ROM|Mixed Platforms.ActiveCfg = CD_ROM
		{25E1F65B-D5C1-4E19-8AD1-F1A972C2FA82}.CD_ROM|Mixed Platforms.Build.0 = CD_ROM
		{25E1F65B-D5C1-4E19-8AD1-F1A972C2FA82}.CD_ROM|x86.ActiveCfg = CD_ROM
		{25E1F65B-D5C1-4E19-8AD1-F1A972C2FA82}.CD_ROM|x86.Build.0 = CD_ROM
		{25E1F65B-D5C1-4E19-8AD1-F1A972C2FA82}.Debug|Any CPU.ActiveCfg = DVD-5
		{25E1F65B-D5C1-4E19-8AD1-F1A972C2FA82}.Debug|Any CPU.Build.0 = DVD-5
		{25E1F65B-D5C1-4E19-8AD1-F1A972C2FA82}.Debug|Mixed Platforms.ActiveCfg = DVD-5
		{25E1F65B-D5C1-4E19-8AD1-F1A972C2FA82}.Debug|Mixed Platforms.Build.0 = DVD-5
		{25E1F65B-D5C1-4E19-8AD1-F1A972C2FA82}.Debug|x86.ActiveCfg = DVD-5
		{25E1F65B-D5C1-4E19-8AD1-F1A972C2FA82}.Debug|x86.Build.0 = DVD-5
		{25E1F65B-D5C1-4E19-8AD1-F1A972C2FA82}.DVD-5|Any CPU.ActiveCfg = DVD-5
		{25E1F65B-D5C1-4E19-8AD1-F1A972C2FA82}.DVD-5|Any CPU.Build.0 = DVD-5
		{25E1F65B-D5C1-4E19-8AD1-F1A972C2FA82}.DVD-5|Mixed Platforms.ActiveCfg = DVD-5
		{25E1F65B-D5C1-4E19-8AD1-F1A972C2FA82}.DVD-5|Mixed Platforms.Build.0 = DVD-5
		{25E1F65B-D5C1-4E19-8AD1-F1A972C2FA82}.DVD-5|x86.ActiveCfg = DVD-5
		{25E1F65B-D5C1-4E19-8AD1-F1A972C2FA82}.DVD-5|x86.Build.0 = DVD-5
		{25E1F65B-D5C1-4E19-8AD1-F1A972C2FA82}.Release|Any CPU.ActiveCfg = SingleImage
		{25E1F65B-D5C1-4E19-8AD1-F1A972C2FA82}.Release|Any CPU.Build.0 = SingleImage
		{25E1F65B-D5C1-4E19-8AD1-F1A972C2FA82}.Release|Mixed Platforms.ActiveCfg = SingleImage
		{25E1F65B-D5C1-4E19-8AD1-F1A972C2FA82}.Release|Mixed Platforms.Build.0 = SingleImage
		{25E1F65B-D5C1-4E19-8AD1-F1A972C2FA82}.Release|x86.ActiveCfg = SingleImage
		{25E1F65B-D5C1-4E19-8AD1-F1A972C2FA82}.Release|x86.Build.0 = SingleImage
		{25E1F65B-D5C1-4E19-8AD1-F1A972C2FA82}.SingleImage|Any CPU.ActiveCfg = SingleImage
		{25E1F65B-D5C1-4E19-8AD1-F1A972C2FA82}.SingleImage|Any CPU.Build.0 = SingleImage
		{25E1F65B-D5C1-4E19-8AD1-F1A972C2FA82}.SingleImage|Mixed Platforms.ActiveCfg = SingleImage
		{25E1F65B-D5C1-4E19-8AD1-F1A972C2FA82}.SingleImage|Mixed Platforms.Build.0 = SingleImage
		{25E1F65B-D5C1-4E19-8AD1-F1A972C2FA82}.SingleImage|x86.ActiveCfg = SingleImage
		{25E1F65B-D5C1-4E19-8AD1-F1A972C2FA82}.SingleImage|x86.Build.0 = SingleImage
	EndGlobalSection
	GlobalSection(SolutionProperties) = preSolution
		HideSolutionNode = FALSE
	EndGlobalSection
EndGlobal
