
Microsoft Visual Studio Solution File, Format Version 12.00
# Visual Studio 2013
VisualStudioVersion = 12.0.30501.0
MinimumVisualStudioVersion = 10.0.40219.1
Project("{FAE04EC0-301F-11D3-BF4B-00C04F79EFBC}") = "LTESftpMgr", "LTESftpMgr\LTESftpMgr.csproj", "{EB7CDBC7-2912-4596-A35B-008FC4A648D6}"
EndProject
Project("{FAE04EC0-301F-11D3-BF4B-00C04F79EFBC}") = "LogFileMgr", "..\Utils\LogFileMgr\LogFileMgr.csproj", "{4B26F604-3494-4206-95AE-F9AB89F3FE6B}"
EndProject
Project("{FAE04EC0-301F-11D3-BF4B-00C04F79EFBC}") = "LTEDbMgr", "LTEDbMgr\LTEDbMgr.csproj", "{6084441A-1EE1-4CC1-8C65-8B0FDC685176}"
EndProject
Project("{FAE04EC0-301F-11D3-BF4B-00C04F79EFBC}") = "LTESftpMgrSvc", "LTESftpMgrSvc\LTESftpMgrSvc.csproj", "{5EBBDC4B-F80E-48A4-BE62-50BCD334CA0F}"
EndProject
Project("{6141683F-8A12-4E36-9623-2EB02B2C2303}") = "LTESftpSvcInstaller", "LTESftpSvcInstaller\LTESftpSvcInstaller.isproj", "{99A144C6-EB51-475D-AD37-5729302210A5}"
	ProjectSection(ProjectDependencies) = postProject
		{EB7CDBC7-2912-4596-A35B-008FC4A648D6} = {EB7CDBC7-2912-4596-A35B-008FC4A648D6}
	EndProjectSection
EndProject
Project("{FAE04EC0-301F-11D3-BF4B-00C04F79EFBC}") = "LTESftpTestApp", "LTESftpTestApp\LTESftpTestApp.csproj", "{E55B06A8-18EF-44BF-9B42-369F1F083544}"
EndProject
Global
	GlobalSection(SolutionConfigurationPlatforms) = preSolution
		CD_ROM|Any CPU = CD_ROM|Any CPU
		Debug|Any CPU = Debug|Any CPU
		DVD-5|Any CPU = DVD-5|Any CPU
		Release|Any CPU = Release|Any CPU
		SingleImage|Any CPU = SingleImage|Any CPU
	EndGlobalSection
	GlobalSection(ProjectConfigurationPlatforms) = postSolution
		{EB7CDBC7-2912-4596-A35B-008FC4A648D6}.CD_ROM|Any CPU.ActiveCfg = Release|Any CPU
		{EB7CDBC7-2912-4596-A35B-008FC4A648D6}.CD_ROM|Any CPU.Build.0 = Release|Any CPU
		{EB7CDBC7-2912-4596-A35B-008FC4A648D6}.Debug|Any CPU.ActiveCfg = Debug|Any CPU
		{EB7CDBC7-2912-4596-A35B-008FC4A648D6}.Debug|Any CPU.Build.0 = Debug|Any CPU
		{EB7CDBC7-2912-4596-A35B-008FC4A648D6}.DVD-5|Any CPU.ActiveCfg = Debug|Any CPU
		{EB7CDBC7-2912-4596-A35B-008FC4A648D6}.DVD-5|Any CPU.Build.0 = Debug|Any CPU
		{EB7CDBC7-2912-4596-A35B-008FC4A648D6}.Release|Any CPU.ActiveCfg = Release|Any CPU
		{EB7CDBC7-2912-4596-A35B-008FC4A648D6}.Release|Any CPU.Build.0 = Release|Any CPU
		{EB7CDBC7-2912-4596-A35B-008FC4A648D6}.SingleImage|Any CPU.ActiveCfg = Release|Any CPU
		{EB7CDBC7-2912-4596-A35B-008FC4A648D6}.SingleImage|Any CPU.Build.0 = Release|Any CPU
		{4B26F604-3494-4206-95AE-F9AB89F3FE6B}.CD_ROM|Any CPU.ActiveCfg = Release|Any CPU
		{4B26F604-3494-4206-95AE-F9AB89F3FE6B}.CD_ROM|Any CPU.Build.0 = Release|Any CPU
		{4B26F604-3494-4206-95AE-F9AB89F3FE6B}.Debug|Any CPU.ActiveCfg = Debug|Any CPU
		{4B26F604-3494-4206-95AE-F9AB89F3FE6B}.Debug|Any CPU.Build.0 = Debug|Any CPU
		{4B26F604-3494-4206-95AE-F9AB89F3FE6B}.DVD-5|Any CPU.ActiveCfg = Debug|Any CPU
		{4B26F604-3494-4206-95AE-F9AB89F3FE6B}.DVD-5|Any CPU.Build.0 = Debug|Any CPU
		{4B26F604-3494-4206-95AE-F9AB89F3FE6B}.Release|Any CPU.ActiveCfg = Release|Any CPU
		{4B26F604-3494-4206-95AE-F9AB89F3FE6B}.Release|Any CPU.Build.0 = Release|Any CPU
		{4B26F604-3494-4206-95AE-F9AB89F3FE6B}.SingleImage|Any CPU.ActiveCfg = Release|Any CPU
		{4B26F604-3494-4206-95AE-F9AB89F3FE6B}.SingleImage|Any CPU.Build.0 = Release|Any CPU
		{6084441A-1EE1-4CC1-8C65-8B0FDC685176}.CD_ROM|Any CPU.ActiveCfg = Release|Any CPU
		{6084441A-1EE1-4CC1-8C65-8B0FDC685176}.CD_ROM|Any CPU.Build.0 = Release|Any CPU
		{6084441A-1EE1-4CC1-8C65-8B0FDC685176}.Debug|Any CPU.ActiveCfg = Debug|Any CPU
		{6084441A-1EE1-4CC1-8C65-8B0FDC685176}.Debug|Any CPU.Build.0 = Debug|Any CPU
		{6084441A-1EE1-4CC1-8C65-8B0FDC685176}.DVD-5|Any CPU.ActiveCfg = Debug|Any CPU
		{6084441A-1EE1-4CC1-8C65-8B0FDC685176}.DVD-5|Any CPU.Build.0 = Debug|Any CPU
		{6084441A-1EE1-4CC1-8C65-8B0FDC685176}.Release|Any CPU.ActiveCfg = Release|Any CPU
		{6084441A-1EE1-4CC1-8C65-8B0FDC685176}.Release|Any CPU.Build.0 = Release|Any CPU
		{6084441A-1EE1-4CC1-8C65-8B0FDC685176}.SingleImage|Any CPU.ActiveCfg = Release|Any CPU
		{6084441A-1EE1-4CC1-8C65-8B0FDC685176}.SingleImage|Any CPU.Build.0 = Release|Any CPU
		{5EBBDC4B-F80E-48A4-BE62-50BCD334CA0F}.CD_ROM|Any CPU.ActiveCfg = Release|Any CPU
		{5EBBDC4B-F80E-48A4-BE62-50BCD334CA0F}.CD_ROM|Any CPU.Build.0 = Release|Any CPU
		{5EBBDC4B-F80E-48A4-BE62-50BCD334CA0F}.Debug|Any CPU.ActiveCfg = Debug|Any CPU
		{5EBBDC4B-F80E-48A4-BE62-50BCD334CA0F}.Debug|Any CPU.Build.0 = Debug|Any CPU
		{5EBBDC4B-F80E-48A4-BE62-50BCD334CA0F}.DVD-5|Any CPU.ActiveCfg = Debug|Any CPU
		{5EBBDC4B-F80E-48A4-BE62-50BCD334CA0F}.DVD-5|Any CPU.Build.0 = Debug|Any CPU
		{5EBBDC4B-F80E-48A4-BE62-50BCD334CA0F}.Release|Any CPU.ActiveCfg = Release|Any CPU
		{5EBBDC4B-F80E-48A4-BE62-50BCD334CA0F}.Release|Any CPU.Build.0 = Release|Any CPU
		{5EBBDC4B-F80E-48A4-BE62-50BCD334CA0F}.SingleImage|Any CPU.ActiveCfg = Release|Any CPU
		{5EBBDC4B-F80E-48A4-BE62-50BCD334CA0F}.SingleImage|Any CPU.Build.0 = Release|Any CPU
		{99A144C6-EB51-475D-AD37-5729302210A5}.CD_ROM|Any CPU.ActiveCfg = CD_ROM
		{99A144C6-EB51-475D-AD37-5729302210A5}.CD_ROM|Any CPU.Build.0 = CD_ROM
		{99A144C6-EB51-475D-AD37-5729302210A5}.Debug|Any CPU.ActiveCfg = DVD-5
		{99A144C6-EB51-475D-AD37-5729302210A5}.Debug|Any CPU.Build.0 = DVD-5
		{99A144C6-EB51-475D-AD37-5729302210A5}.DVD-5|Any CPU.ActiveCfg = DVD-5
		{99A144C6-EB51-475D-AD37-5729302210A5}.DVD-5|Any CPU.Build.0 = DVD-5
		{99A144C6-EB51-475D-AD37-5729302210A5}.Release|Any CPU.ActiveCfg = SingleImage
		{99A144C6-EB51-475D-AD37-5729302210A5}.Release|Any CPU.Build.0 = SingleImage
		{99A144C6-EB51-475D-AD37-5729302210A5}.SingleImage|Any CPU.ActiveCfg = SingleImage
		{99A144C6-EB51-475D-AD37-5729302210A5}.SingleImage|Any CPU.Build.0 = SingleImage
		{E55B06A8-18EF-44BF-9B42-369F1F083544}.CD_ROM|Any CPU.ActiveCfg = Release|Any CPU
		{E55B06A8-18EF-44BF-9B42-369F1F083544}.CD_ROM|Any CPU.Build.0 = Release|Any CPU
		{E55B06A8-18EF-44BF-9B42-369F1F083544}.Debug|Any CPU.ActiveCfg = Debug|Any CPU
		{E55B06A8-18EF-44BF-9B42-369F1F083544}.Debug|Any CPU.Build.0 = Debug|Any CPU
		{E55B06A8-18EF-44BF-9B42-369F1F083544}.DVD-5|Any CPU.ActiveCfg = Debug|Any CPU
		{E55B06A8-18EF-44BF-9B42-369F1F083544}.DVD-5|Any CPU.Build.0 = Debug|Any CPU
		{E55B06A8-18EF-44BF-9B42-369F1F083544}.Release|Any CPU.ActiveCfg = Release|Any CPU
		{E55B06A8-18EF-44BF-9B42-369F1F083544}.Release|Any CPU.Build.0 = Release|Any CPU
		{E55B06A8-18EF-44BF-9B42-369F1F083544}.SingleImage|Any CPU.ActiveCfg = Release|Any CPU
		{E55B06A8-18EF-44BF-9B42-369F1F083544}.SingleImage|Any CPU.Build.0 = Release|Any CPU
	EndGlobalSection
	GlobalSection(SolutionProperties) = preSolution
		HideSolutionNode = FALSE
	EndGlobalSection
EndGlobal
