
Microsoft Visual Studio Solution File, Format Version 12.00
# Visual Studio 14
VisualStudioVersion = 14.0.23107.0
MinimumVisualStudioVersion = 10.0.40219.1
Project("{FAE04EC0-301F-11D3-BF4B-00C04F79EFBC}") = "FTPMgr", "FTPMgr\FTPMgr.csproj", "{2EB5CBCC-9676-4F78-96D8-B9AF4E084F06}"
EndProject
Project("{FAE04EC0-301F-11D3-BF4B-00C04F79EFBC}") = "LogFileMgr", "..\..\SprintCiberFileMgr\Utils\LogFileMgr\LogFileMgr.csproj", "{4B26F604-3494-4206-95AE-F9AB89F3FE6B}"
EndProject
Project("{FAE04EC0-301F-11D3-BF4B-00C04F79EFBC}") = "FtpMgrTestApp", "..\..\..\..\Nuevo\Software\Projects\CallCruncher\FtpMgrTestApp\FtpMgrTestApp.csproj", "{D3B68415-A39D-4984-9D9B-C771547A1CF4}"
EndProject
Project("{FAE04EC0-301F-11D3-BF4B-00C04F79EFBC}") = "FtpMgrSvc", "..\FtpMgrSvc\FtpMgrSvc.csproj", "{C4BD0E51-3A0A-4464-B385-A8E266591D78}"
EndProject
Project("{6141683F-8A12-4E36-9623-2EB02B2C2303}") = "FTPMgrSetup", "..\FTPMgrSetup\FTPMgrSetup.isproj", "{C7A5F521-8580-4EA0-ADB5-677EFB2014BC}"
	ProjectSection(ProjectDependencies) = postProject
		{4B26F604-3494-4206-95AE-F9AB89F3FE6B} = {4B26F604-3494-4206-95AE-F9AB89F3FE6B}
		{C4BD0E51-3A0A-4464-B385-A8E266591D78} = {C4BD0E51-3A0A-4464-B385-A8E266591D78}
		{2EB5CBCC-9676-4F78-96D8-B9AF4E084F06} = {2EB5CBCC-9676-4F78-96D8-B9AF4E084F06}
	EndProjectSection
EndProject
Global
	GlobalSection(SolutionConfigurationPlatforms) = preSolution
		CD_ROM|Any CPU = CD_ROM|Any CPU
		Debug|Any CPU = Debug|Any CPU
		DVD-5|Any CPU = DVD-5|Any CPU
		Release|Any CPU = Release|Any CPU
		SingleImage|Any CPU = SingleImage|Any CPU
	EndGlobalSection
	GlobalSection(ProjectConfigurationPlatforms) = postSolution
		{2EB5CBCC-9676-4F78-96D8-B9AF4E084F06}.CD_ROM|Any CPU.ActiveCfg = Release|Any CPU
		{2EB5CBCC-9676-4F78-96D8-B9AF4E084F06}.CD_ROM|Any CPU.Build.0 = Release|Any CPU
		{2EB5CBCC-9676-4F78-96D8-B9AF4E084F06}.Debug|Any CPU.ActiveCfg = Debug|Any CPU
		{2EB5CBCC-9676-4F78-96D8-B9AF4E084F06}.Debug|Any CPU.Build.0 = Debug|Any CPU
		{2EB5CBCC-9676-4F78-96D8-B9AF4E084F06}.DVD-5|Any CPU.ActiveCfg = Debug|Any CPU
		{2EB5CBCC-9676-4F78-96D8-B9AF4E084F06}.DVD-5|Any CPU.Build.0 = Debug|Any CPU
		{2EB5CBCC-9676-4F78-96D8-B9AF4E084F06}.Release|Any CPU.ActiveCfg = Release|Any CPU
		{2EB5CBCC-9676-4F78-96D8-B9AF4E084F06}.Release|Any CPU.Build.0 = Release|Any CPU
		{2EB5CBCC-9676-4F78-96D8-B9AF4E084F06}.SingleImage|Any CPU.ActiveCfg = Release|Any CPU
		{2EB5CBCC-9676-4F78-96D8-B9AF4E084F06}.SingleImage|Any CPU.Build.0 = Release|Any CPU
		{4B26F604-3494-4206-95AE-F9AB89F3FE6B}.CD_ROM|Any CPU.ActiveCfg = Release|Any CPU
		{4B26F604-3494-4206-95AE-F9AB89F3FE6B}.CD_ROM|Any CPU.Build.0 = Release|Any CPU
		{4B26F604-3494-4206-95AE-F9AB89F3FE6B}.Debug|Any CPU.ActiveCfg = Debug|Any CPU
		{4B26F604-3494-4206-95AE-F9AB89F3FE6B}.Debug|Any CPU.Build.0 = Debug|Any CPU
		{4B26F604-3494-4206-95AE-F9AB89F3FE6B}.DVD-5|Any CPU.ActiveCfg = Debug|Any CPU
		{4B26F604-3494-4206-95AE-F9AB89F3FE6B}.DVD-5|Any CPU.Build.0 = Debug|Any CPU
		{4B26F604-3494-4206-95AE-F9AB89F3FE6B}.Release|Any CPU.ActiveCfg = Release|Any CPU
		{4B26F604-3494-4206-95AE-F9AB89F3FE6B}.Release|Any CPU.Build.0 = Release|Any CPU
		{4B26F604-3494-4206-95AE-F9AB89F3FE6B}.SingleImage|Any CPU.ActiveCfg = Release|Any CPU
		{4B26F604-3494-4206-95AE-F9AB89F3FE6B}.SingleImage|Any CPU.Build.0 = Release|Any CPU
		{D3B68415-A39D-4984-9D9B-C771547A1CF4}.CD_ROM|Any CPU.ActiveCfg = Release|Any CPU
		{D3B68415-A39D-4984-9D9B-C771547A1CF4}.CD_ROM|Any CPU.Build.0 = Release|Any CPU
		{D3B68415-A39D-4984-9D9B-C771547A1CF4}.Debug|Any CPU.ActiveCfg = Debug|Any CPU
		{D3B68415-A39D-4984-9D9B-C771547A1CF4}.Debug|Any CPU.Build.0 = Debug|Any CPU
		{D3B68415-A39D-4984-9D9B-C771547A1CF4}.DVD-5|Any CPU.ActiveCfg = Debug|Any CPU
		{D3B68415-A39D-4984-9D9B-C771547A1CF4}.DVD-5|Any CPU.Build.0 = Debug|Any CPU
		{D3B68415-A39D-4984-9D9B-C771547A1CF4}.Release|Any CPU.ActiveCfg = Release|Any CPU
		{D3B68415-A39D-4984-9D9B-C771547A1CF4}.Release|Any CPU.Build.0 = Release|Any CPU
		{D3B68415-A39D-4984-9D9B-C771547A1CF4}.SingleImage|Any CPU.ActiveCfg = Release|Any CPU
		{D3B68415-A39D-4984-9D9B-C771547A1CF4}.SingleImage|Any CPU.Build.0 = Release|Any CPU
		{C4BD0E51-3A0A-4464-B385-A8E266591D78}.CD_ROM|Any CPU.ActiveCfg = Release|Any CPU
		{C4BD0E51-3A0A-4464-B385-A8E266591D78}.CD_ROM|Any CPU.Build.0 = Release|Any CPU
		{C4BD0E51-3A0A-4464-B385-A8E266591D78}.Debug|Any CPU.ActiveCfg = Debug|Any CPU
		{C4BD0E51-3A0A-4464-B385-A8E266591D78}.Debug|Any CPU.Build.0 = Debug|Any CPU
		{C4BD0E51-3A0A-4464-B385-A8E266591D78}.DVD-5|Any CPU.ActiveCfg = Debug|Any CPU
		{C4BD0E51-3A0A-4464-B385-A8E266591D78}.DVD-5|Any CPU.Build.0 = Debug|Any CPU
		{C4BD0E51-3A0A-4464-B385-A8E266591D78}.Release|Any CPU.ActiveCfg = Release|Any CPU
		{C4BD0E51-3A0A-4464-B385-A8E266591D78}.Release|Any CPU.Build.0 = Release|Any CPU
		{C4BD0E51-3A0A-4464-B385-A8E266591D78}.SingleImage|Any CPU.ActiveCfg = Release|Any CPU
		{C4BD0E51-3A0A-4464-B385-A8E266591D78}.SingleImage|Any CPU.Build.0 = Release|Any CPU
		{C7A5F521-8580-4EA0-ADB5-677EFB2014BC}.CD_ROM|Any CPU.ActiveCfg = CD_ROM
		{C7A5F521-8580-4EA0-ADB5-677EFB2014BC}.CD_ROM|Any CPU.Build.0 = CD_ROM
		{C7A5F521-8580-4EA0-ADB5-677EFB2014BC}.Debug|Any CPU.ActiveCfg = DVD-5
		{C7A5F521-8580-4EA0-ADB5-677EFB2014BC}.Debug|Any CPU.Build.0 = DVD-5
		{C7A5F521-8580-4EA0-ADB5-677EFB2014BC}.DVD-5|Any CPU.ActiveCfg = DVD-5
		{C7A5F521-8580-4EA0-ADB5-677EFB2014BC}.DVD-5|Any CPU.Build.0 = DVD-5
		{C7A5F521-8580-4EA0-ADB5-677EFB2014BC}.Release|Any CPU.ActiveCfg = SingleImage
		{C7A5F521-8580-4EA0-ADB5-677EFB2014BC}.Release|Any CPU.Build.0 = SingleImage
		{C7A5F521-8580-4EA0-ADB5-677EFB2014BC}.SingleImage|Any CPU.ActiveCfg = SingleImage
		{C7A5F521-8580-4EA0-ADB5-677EFB2014BC}.SingleImage|Any CPU.Build.0 = SingleImage
	EndGlobalSection
	GlobalSection(SolutionProperties) = preSolution
		HideSolutionNode = FALSE
	EndGlobalSection
EndGlobal
