
Microsoft Visual Studio Solution File, Format Version 12.00
# Visual Studio 2012
Project("{ECD6D718-D1CF-4119-97F3-97C25A0DFBF9}") = "WirelessUsers", "LightSwitch\WirelessUsers.lsproj", "{E741322E-9505-45C9-A455-6CC308ED5366}"
EndProject
Global
	GlobalSection(SolutionConfigurationPlatforms) = preSolution
		Debug|Any CPU = Debug|Any CPU
		Release|Any CPU = Release|Any CPU
	EndGlobalSection
	GlobalSection(ProjectDependencies) = postSolution
		{8E65A6DD-0CF6-4415-BF7F-DAE935F285E2}.0 = {1145E385-3F3D-4EC8-9CBA-79288D023646}
		{8E65A6DD-0CF6-4415-BF7F-DAE935F285E2}.1 = {FFE913C0-9934-488E-B7D3-557F137FEE71}
	EndGlobalSection
	GlobalSection(ProjectConfigurationPlatforms) = postSolution
		{E741322E-9505-45C9-A455-6CC308ED5366}.Debug|Any CPU.ActiveCfg = Debug|Any CPU
		{E741322E-9505-45C9-A455-6CC308ED5366}.Debug|Any CPU.Build.0 = Debug|Any CPU
		{E741322E-9505-45C9-A455-6CC308ED5366}.Release|Any CPU.ActiveCfg = Release|Any CPU
		{E741322E-9505-45C9-A455-6CC308ED5366}.Release|Any CPU.Build.0 = Release|Any CPU
		{FFE913C0-9934-488E-B7D3-557F137FEE71}.Debug|Any CPU.ActiveCfg = Debug|Any CPU
		{FFE913C0-9934-488E-B7D3-557F137FEE71}.Debug|Any CPU.Build.0 = Debug|Any CPU
		{FFE913C0-9934-488E-B7D3-557F137FEE71}.Release|Any CPU.ActiveCfg = Release|Any CPU
		{FFE913C0-9934-488E-B7D3-557F137FEE71}.Release|Any CPU.Build.0 = Release|Any CPU
		{1145E385-3F3D-4EC8-9CBA-79288D023646}.Debug|Any CPU.ActiveCfg = Debug|Any CPU
		{1145E385-3F3D-4EC8-9CBA-79288D023646}.Debug|Any CPU.Build.0 = Debug|Any CPU
		{1145E385-3F3D-4EC8-9CBA-79288D023646}.Release|Any CPU.ActiveCfg = Release|Any CPU
		{1145E385-3F3D-4EC8-9CBA-79288D023646}.Release|Any CPU.Build.0 = Release|Any CPU
		{8E65A6DD-0CF6-4415-BF7F-DAE935F285E2}.Debug|Any CPU.ActiveCfg = Debug|Any CPU
		{8E65A6DD-0CF6-4415-BF7F-DAE935F285E2}.Debug|Any CPU.Build.0 = Debug|Any CPU
		{8E65A6DD-0CF6-4415-BF7F-DAE935F285E2}.Release|Any CPU.ActiveCfg = Release|Any CPU
		{8E65A6DD-0CF6-4415-BF7F-DAE935F285E2}.Release|Any CPU.Build.0 = Release|Any CPU
	EndGlobalSection
	GlobalSection(SolutionProperties) = preSolution
		HideSolutionNode = FALSE
	EndGlobalSection
EndGlobal
