
Microsoft Visual Studio Solution File, Format Version 12.00
# Visual Studio 2013
VisualStudioVersion = 12.0.30501.0
MinimumVisualStudioVersion = 10.0.40219.1
Project("{FAE04EC0-301F-11D3-BF4B-00C04F79EFBC}") = "IPDR_FraudDetector", "IPDR_FraudDetector\IPDR_FraudDetector.csproj", "{E4F8D1CF-3A2D-4B55-BACA-2A83D5519FD0}"
EndProject
Project("{FAE04EC0-301F-11D3-BF4B-00C04F79EFBC}") = "LogFileMgr", "..\..\SprintCiberFileMgr\Utils\LogFileMgr\LogFileMgr.csproj", "{4B26F604-3494-4206-95AE-F9AB89F3FE6B}"
EndProject
Project("{FAE04EC0-301F-11D3-BF4B-00C04F79EFBC}") = "IPDRFraudDetectorTestApp", "IPDRFraudDetectorTestApp\IPDRFraudDetectorTestApp.csproj", "{74A0CA5C-258F-4266-8612-79C2ABC4717F}"
EndProject
Project("{FAE04EC0-301F-11D3-BF4B-00C04F79EFBC}") = "IPDRFraudDectectorSvc", "IPDRFraudDectectorSvc\IPDRFraudDectectorSvc.csproj", "{4CD1E8EF-EEEA-4CA9-8EC2-44B559FE66FF}"
EndProject
Project("{6141683F-8A12-4E36-9623-2EB02B2C2303}") = "IPDRFraudSvcSetUp", "..\..\Releases\IPDRFraudSvcSetUp\IPDRFraudSvcSetUp.isproj", "{F3A22AFE-C458-437E-A1FB-21837D444E49}"
	ProjectSection(ProjectDependencies) = postProject
		{4CD1E8EF-EEEA-4CA9-8EC2-44B559FE66FF} = {4CD1E8EF-EEEA-4CA9-8EC2-44B559FE66FF}
	EndProjectSection
EndProject
Global
	GlobalSection(SolutionConfigurationPlatforms) = preSolution
		CD_ROM|Any CPU = CD_ROM|Any CPU
		Debug|Any CPU = Debug|Any CPU
		DVD-5|Any CPU = DVD-5|Any CPU
		Release|Any CPU = Release|Any CPU
		SingleImage|Any CPU = SingleImage|Any CPU
	EndGlobalSection
	GlobalSection(ProjectConfigurationPlatforms) = postSolution
		{E4F8D1CF-3A2D-4B55-BACA-2A83D5519FD0}.CD_ROM|Any CPU.ActiveCfg = Release|Any CPU
		{E4F8D1CF-3A2D-4B55-BACA-2A83D5519FD0}.CD_ROM|Any CPU.Build.0 = Release|Any CPU
		{E4F8D1CF-3A2D-4B55-BACA-2A83D5519FD0}.Debug|Any CPU.ActiveCfg = Debug|Any CPU
		{E4F8D1CF-3A2D-4B55-BACA-2A83D5519FD0}.Debug|Any CPU.Build.0 = Debug|Any CPU
		{E4F8D1CF-3A2D-4B55-BACA-2A83D5519FD0}.DVD-5|Any CPU.ActiveCfg = Debug|Any CPU
		{E4F8D1CF-3A2D-4B55-BACA-2A83D5519FD0}.DVD-5|Any CPU.Build.0 = Debug|Any CPU
		{E4F8D1CF-3A2D-4B55-BACA-2A83D5519FD0}.Release|Any CPU.ActiveCfg = Release|Any CPU
		{E4F8D1CF-3A2D-4B55-BACA-2A83D5519FD0}.Release|Any CPU.Build.0 = Release|Any CPU
		{E4F8D1CF-3A2D-4B55-BACA-2A83D5519FD0}.SingleImage|Any CPU.ActiveCfg = Release|Any CPU
		{E4F8D1CF-3A2D-4B55-BACA-2A83D5519FD0}.SingleImage|Any CPU.Build.0 = Release|Any CPU
		{4B26F604-3494-4206-95AE-F9AB89F3FE6B}.CD_ROM|Any CPU.ActiveCfg = Release|Any CPU
		{4B26F604-3494-4206-95AE-F9AB89F3FE6B}.CD_ROM|Any CPU.Build.0 = Release|Any CPU
		{4B26F604-3494-4206-95AE-F9AB89F3FE6B}.Debug|Any CPU.ActiveCfg = Debug|Any CPU
		{4B26F604-3494-4206-95AE-F9AB89F3FE6B}.Debug|Any CPU.Build.0 = Debug|Any CPU
		{4B26F604-3494-4206-95AE-F9AB89F3FE6B}.DVD-5|Any CPU.ActiveCfg = Debug|Any CPU
		{4B26F604-3494-4206-95AE-F9AB89F3FE6B}.DVD-5|Any CPU.Build.0 = Debug|Any CPU
		{4B26F604-3494-4206-95AE-F9AB89F3FE6B}.Release|Any CPU.ActiveCfg = Release|Any CPU
		{4B26F604-3494-4206-95AE-F9AB89F3FE6B}.Release|Any CPU.Build.0 = Release|Any CPU
		{4B26F604-3494-4206-95AE-F9AB89F3FE6B}.SingleImage|Any CPU.ActiveCfg = Release|Any CPU
		{4B26F604-3494-4206-95AE-F9AB89F3FE6B}.SingleImage|Any CPU.Build.0 = Release|Any CPU
		{74A0CA5C-258F-4266-8612-79C2ABC4717F}.CD_ROM|Any CPU.ActiveCfg = Release|Any CPU
		{74A0CA5C-258F-4266-8612-79C2ABC4717F}.CD_ROM|Any CPU.Build.0 = Release|Any CPU
		{74A0CA5C-258F-4266-8612-79C2ABC4717F}.Debug|Any CPU.ActiveCfg = Debug|Any CPU
		{74A0CA5C-258F-4266-8612-79C2ABC4717F}.Debug|Any CPU.Build.0 = Debug|Any CPU
		{74A0CA5C-258F-4266-8612-79C2ABC4717F}.DVD-5|Any CPU.ActiveCfg = Debug|Any CPU
		{74A0CA5C-258F-4266-8612-79C2ABC4717F}.DVD-5|Any CPU.Build.0 = Debug|Any CPU
		{74A0CA5C-258F-4266-8612-79C2ABC4717F}.Release|Any CPU.ActiveCfg = Release|Any CPU
		{74A0CA5C-258F-4266-8612-79C2ABC4717F}.Release|Any CPU.Build.0 = Release|Any CPU
		{74A0CA5C-258F-4266-8612-79C2ABC4717F}.SingleImage|Any CPU.ActiveCfg = Release|Any CPU
		{74A0CA5C-258F-4266-8612-79C2ABC4717F}.SingleImage|Any CPU.Build.0 = Release|Any CPU
		{4CD1E8EF-EEEA-4CA9-8EC2-44B559FE66FF}.CD_ROM|Any CPU.ActiveCfg = Release|Any CPU
		{4CD1E8EF-EEEA-4CA9-8EC2-44B559FE66FF}.CD_ROM|Any CPU.Build.0 = Release|Any CPU
		{4CD1E8EF-EEEA-4CA9-8EC2-44B559FE66FF}.Debug|Any CPU.ActiveCfg = Debug|Any CPU
		{4CD1E8EF-EEEA-4CA9-8EC2-44B559FE66FF}.Debug|Any CPU.Build.0 = Debug|Any CPU
		{4CD1E8EF-EEEA-4CA9-8EC2-44B559FE66FF}.DVD-5|Any CPU.ActiveCfg = Debug|Any CPU
		{4CD1E8EF-EEEA-4CA9-8EC2-44B559FE66FF}.DVD-5|Any CPU.Build.0 = Debug|Any CPU
		{4CD1E8EF-EEEA-4CA9-8EC2-44B559FE66FF}.Release|Any CPU.ActiveCfg = Release|Any CPU
		{4CD1E8EF-EEEA-4CA9-8EC2-44B559FE66FF}.Release|Any CPU.Build.0 = Release|Any CPU
		{4CD1E8EF-EEEA-4CA9-8EC2-44B559FE66FF}.SingleImage|Any CPU.ActiveCfg = Release|Any CPU
		{4CD1E8EF-EEEA-4CA9-8EC2-44B559FE66FF}.SingleImage|Any CPU.Build.0 = Release|Any CPU
		{F3A22AFE-C458-437E-A1FB-21837D444E49}.CD_ROM|Any CPU.ActiveCfg = CD_ROM
		{F3A22AFE-C458-437E-A1FB-21837D444E49}.CD_ROM|Any CPU.Build.0 = CD_ROM
		{F3A22AFE-C458-437E-A1FB-21837D444E49}.Debug|Any CPU.ActiveCfg = DVD-5
		{F3A22AFE-C458-437E-A1FB-21837D444E49}.Debug|Any CPU.Build.0 = DVD-5
		{F3A22AFE-C458-437E-A1FB-21837D444E49}.DVD-5|Any CPU.ActiveCfg = DVD-5
		{F3A22AFE-C458-437E-A1FB-21837D444E49}.DVD-5|Any CPU.Build.0 = DVD-5
		{F3A22AFE-C458-437E-A1FB-21837D444E49}.Release|Any CPU.ActiveCfg = SingleImage
		{F3A22AFE-C458-437E-A1FB-21837D444E49}.Release|Any CPU.Build.0 = SingleImage
		{F3A22AFE-C458-437E-A1FB-21837D444E49}.SingleImage|Any CPU.ActiveCfg = SingleImage
		{F3A22AFE-C458-437E-A1FB-21837D444E49}.SingleImage|Any CPU.Build.0 = SingleImage
	EndGlobalSection
	GlobalSection(SolutionProperties) = preSolution
		HideSolutionNode = FALSE
	EndGlobalSection
EndGlobal
