
Microsoft Visual Studio Solution File, Format Version 12.00
# Visual Studio 2013
VisualStudioVersion = 12.0.30501.0
MinimumVisualStudioVersion = 10.0.40219.1
Project("{6141683F-8A12-4E36-9623-2EB02B2C2303}") = "OmcCdrFtpSvcInstaller", "OmcCdrFtpSvcInstaller\OmcCdrFtpSvcInstaller.isproj", "{80A6389B-13FA-4F73-AE46-8EF23E6F1989}"
	ProjectSection(ProjectDependencies) = postProject
		{3FB4A094-1FD6-403A-9B26-F471CF68E5D2} = {3FB4A094-1FD6-403A-9B26-F471CF68E5D2}
	EndProjectSection
EndProject
Project("{FAE04EC0-301F-11D3-BF4B-00C04F79EFBC}") = "OmcCdrFtpHandler", "..\OmcCdrFtpHandler\OmcCdrFtpHandler.csproj", "{3FB4A094-1FD6-403A-9B26-F471CF68E5D2}"
EndProject
Project("{FAE04EC0-301F-11D3-BF4B-00C04F79EFBC}") = "OmcCdrFtpSvc", "..\OmcCdrFtpSvc\OmcCdrFtpSvc.csproj", "{E2458A99-76D1-4062-B798-9D8AAD1AFC3A}"
EndProject
Project("{FAE04EC0-301F-11D3-BF4B-00C04F79EFBC}") = "FileWriter", "..\..\FileWriter\FileWriter.csproj", "{9DCD6EE4-F17C-4B32-861C-8976923767AB}"
EndProject
Project("{FAE04EC0-301F-11D3-BF4B-00C04F79EFBC}") = "OmcCdrFtpSvcTestApp", "..\OmcCdrFtpSvcTestApp\OmcCdrFtpSvcTestApp.csproj", "{19A97281-3EC0-4328-BFC0-145F89B65C9F}"
EndProject
Global
	GlobalSection(SolutionConfigurationPlatforms) = preSolution
		CD_ROM|Any CPU = CD_ROM|Any CPU
		Debug|Any CPU = Debug|Any CPU
		DVD-5|Any CPU = DVD-5|Any CPU
		Release|Any CPU = Release|Any CPU
		SingleImage|Any CPU = SingleImage|Any CPU
	EndGlobalSection
	GlobalSection(ProjectConfigurationPlatforms) = postSolution
		{80A6389B-13FA-4F73-AE46-8EF23E6F1989}.CD_ROM|Any CPU.ActiveCfg = CD_ROM
		{80A6389B-13FA-4F73-AE46-8EF23E6F1989}.CD_ROM|Any CPU.Build.0 = CD_ROM
		{80A6389B-13FA-4F73-AE46-8EF23E6F1989}.Debug|Any CPU.ActiveCfg = DVD-5
		{80A6389B-13FA-4F73-AE46-8EF23E6F1989}.Debug|Any CPU.Build.0 = DVD-5
		{80A6389B-13FA-4F73-AE46-8EF23E6F1989}.DVD-5|Any CPU.ActiveCfg = DVD-5
		{80A6389B-13FA-4F73-AE46-8EF23E6F1989}.DVD-5|Any CPU.Build.0 = DVD-5
		{80A6389B-13FA-4F73-AE46-8EF23E6F1989}.Release|Any CPU.ActiveCfg = SingleImage
		{80A6389B-13FA-4F73-AE46-8EF23E6F1989}.Release|Any CPU.Build.0 = SingleImage
		{80A6389B-13FA-4F73-AE46-8EF23E6F1989}.SingleImage|Any CPU.ActiveCfg = SingleImage
		{80A6389B-13FA-4F73-AE46-8EF23E6F1989}.SingleImage|Any CPU.Build.0 = SingleImage
		{3FB4A094-1FD6-403A-9B26-F471CF68E5D2}.CD_ROM|Any CPU.ActiveCfg = Release|Any CPU
		{3FB4A094-1FD6-403A-9B26-F471CF68E5D2}.CD_ROM|Any CPU.Build.0 = Release|Any CPU
		{3FB4A094-1FD6-403A-9B26-F471CF68E5D2}.Debug|Any CPU.ActiveCfg = Debug|Any CPU
		{3FB4A094-1FD6-403A-9B26-F471CF68E5D2}.Debug|Any CPU.Build.0 = Debug|Any CPU
		{3FB4A094-1FD6-403A-9B26-F471CF68E5D2}.DVD-5|Any CPU.ActiveCfg = Debug|Any CPU
		{3FB4A094-1FD6-403A-9B26-F471CF68E5D2}.DVD-5|Any CPU.Build.0 = Debug|Any CPU
		{3FB4A094-1FD6-403A-9B26-F471CF68E5D2}.Release|Any CPU.ActiveCfg = Release|Any CPU
		{3FB4A094-1FD6-403A-9B26-F471CF68E5D2}.Release|Any CPU.Build.0 = Release|Any CPU
		{3FB4A094-1FD6-403A-9B26-F471CF68E5D2}.SingleImage|Any CPU.ActiveCfg = Release|Any CPU
		{3FB4A094-1FD6-403A-9B26-F471CF68E5D2}.SingleImage|Any CPU.Build.0 = Release|Any CPU
		{E2458A99-76D1-4062-B798-9D8AAD1AFC3A}.CD_ROM|Any CPU.ActiveCfg = Release|Any CPU
		{E2458A99-76D1-4062-B798-9D8AAD1AFC3A}.CD_ROM|Any CPU.Build.0 = Release|Any CPU
		{E2458A99-76D1-4062-B798-9D8AAD1AFC3A}.Debug|Any CPU.ActiveCfg = Debug|Any CPU
		{E2458A99-76D1-4062-B798-9D8AAD1AFC3A}.Debug|Any CPU.Build.0 = Debug|Any CPU
		{E2458A99-76D1-4062-B798-9D8AAD1AFC3A}.DVD-5|Any CPU.ActiveCfg = Debug|Any CPU
		{E2458A99-76D1-4062-B798-9D8AAD1AFC3A}.DVD-5|Any CPU.Build.0 = Debug|Any CPU
		{E2458A99-76D1-4062-B798-9D8AAD1AFC3A}.Release|Any CPU.ActiveCfg = Release|Any CPU
		{E2458A99-76D1-4062-B798-9D8AAD1AFC3A}.Release|Any CPU.Build.0 = Release|Any CPU
		{E2458A99-76D1-4062-B798-9D8AAD1AFC3A}.SingleImage|Any CPU.ActiveCfg = Release|Any CPU
		{E2458A99-76D1-4062-B798-9D8AAD1AFC3A}.SingleImage|Any CPU.Build.0 = Release|Any CPU
		{9DCD6EE4-F17C-4B32-861C-8976923767AB}.CD_ROM|Any CPU.ActiveCfg = Release|Any CPU
		{9DCD6EE4-F17C-4B32-861C-8976923767AB}.CD_ROM|Any CPU.Build.0 = Release|Any CPU
		{9DCD6EE4-F17C-4B32-861C-8976923767AB}.Debug|Any CPU.ActiveCfg = Debug|Any CPU
		{9DCD6EE4-F17C-4B32-861C-8976923767AB}.Debug|Any CPU.Build.0 = Debug|Any CPU
		{9DCD6EE4-F17C-4B32-861C-8976923767AB}.DVD-5|Any CPU.ActiveCfg = Debug|Any CPU
		{9DCD6EE4-F17C-4B32-861C-8976923767AB}.DVD-5|Any CPU.Build.0 = Debug|Any CPU
		{9DCD6EE4-F17C-4B32-861C-8976923767AB}.Release|Any CPU.ActiveCfg = Release|Any CPU
		{9DCD6EE4-F17C-4B32-861C-8976923767AB}.Release|Any CPU.Build.0 = Release|Any CPU
		{9DCD6EE4-F17C-4B32-861C-8976923767AB}.SingleImage|Any CPU.ActiveCfg = Release|Any CPU
		{9DCD6EE4-F17C-4B32-861C-8976923767AB}.SingleImage|Any CPU.Build.0 = Release|Any CPU
		{19A97281-3EC0-4328-BFC0-145F89B65C9F}.CD_ROM|Any CPU.ActiveCfg = Release|Any CPU
		{19A97281-3EC0-4328-BFC0-145F89B65C9F}.CD_ROM|Any CPU.Build.0 = Release|Any CPU
		{19A97281-3EC0-4328-BFC0-145F89B65C9F}.Debug|Any CPU.ActiveCfg = Debug|Any CPU
		{19A97281-3EC0-4328-BFC0-145F89B65C9F}.Debug|Any CPU.Build.0 = Debug|Any CPU
		{19A97281-3EC0-4328-BFC0-145F89B65C9F}.DVD-5|Any CPU.ActiveCfg = Debug|Any CPU
		{19A97281-3EC0-4328-BFC0-145F89B65C9F}.DVD-5|Any CPU.Build.0 = Debug|Any CPU
		{19A97281-3EC0-4328-BFC0-145F89B65C9F}.Release|Any CPU.ActiveCfg = Release|Any CPU
		{19A97281-3EC0-4328-BFC0-145F89B65C9F}.Release|Any CPU.Build.0 = Release|Any CPU
		{19A97281-3EC0-4328-BFC0-145F89B65C9F}.SingleImage|Any CPU.ActiveCfg = Release|Any CPU
		{19A97281-3EC0-4328-BFC0-145F89B65C9F}.SingleImage|Any CPU.Build.0 = Release|Any CPU
	EndGlobalSection
	GlobalSection(SolutionProperties) = preSolution
		HideSolutionNode = FALSE
	EndGlobalSection
EndGlobal
