
Microsoft Visual Studio Solution File, Format Version 12.00
# Visual Studio 2013
VisualStudioVersion = 12.0.31101.0
MinimumVisualStudioVersion = 10.0.40219.1
Project("{FAE04EC0-301F-11D3-BF4B-00C04F79EFBC}") = "CdrFtpHandler", "CdrFtpHandler.csproj", "{DFB2B3F4-058C-4061-8CA1-BBFB58905F8C}"
EndProject
Project("{6141683F-8A12-4E36-9623-2EB02B2C2303}") = "CdrFtpHandlerInstaller", "BWToLogiFTPHandlerSetUp\CdrFtpHandlerInstaller.isproj", "{A3CDC516-0C27-493C-B7B7-2BAC76B0C86E}"
	ProjectSection(ProjectDependencies) = postProject
		{44884B92-935D-4C43-804F-867FFBD9D5B5} = {44884B92-935D-4C43-804F-867FFBD9D5B5}
	EndProjectSection
EndProject
Project("{FAE04EC0-301F-11D3-BF4B-00C04F79EFBC}") = "FileWriter", "FileWriter\FileWriter.csproj", "{9DCD6EE4-F17C-4B32-861C-8976923767AB}"
EndProject
Project("{FAE04EC0-301F-11D3-BF4B-00C04F79EFBC}") = "CdrFtpHandlerSvc", "CdrFtpHandlerSvc\CdrFtpHandlerSvc.csproj", "{44884B92-935D-4C43-804F-867FFBD9D5B5}"
EndProject
Project("{FAE04EC0-301F-11D3-BF4B-00C04F79EFBC}") = "CdrFtpHandlerTestApp", "CdrFtpHandlerTestApp\CdrFtpHandlerTestApp.csproj", "{05E59485-EBE4-4D7B-9F48-F4986E07F410}"
EndProject
Project("{6141683F-8A12-4E36-9623-2EB02B2C2303}") = "NewBWCDRToLogiInstaller", "..\Releases\NewBWCDRToLogiInstaller\NewBWCDRToLogiInstaller.isproj", "{DE9D36CC-12AF-4FDC-A54B-19F73246D51A}"
EndProject
Global
	GlobalSection(SolutionConfigurationPlatforms) = preSolution
		CD_ROM|Any CPU = CD_ROM|Any CPU
		Debug|Any CPU = Debug|Any CPU
		DVD-5|Any CPU = DVD-5|Any CPU
		Release|Any CPU = Release|Any CPU
		SingleImage|Any CPU = SingleImage|Any CPU
	EndGlobalSection
	GlobalSection(ProjectConfigurationPlatforms) = postSolution
		{DFB2B3F4-058C-4061-8CA1-BBFB58905F8C}.CD_ROM|Any CPU.ActiveCfg = Release|Any CPU
		{DFB2B3F4-058C-4061-8CA1-BBFB58905F8C}.CD_ROM|Any CPU.Build.0 = Release|Any CPU
		{DFB2B3F4-058C-4061-8CA1-BBFB58905F8C}.Debug|Any CPU.ActiveCfg = Debug|Any CPU
		{DFB2B3F4-058C-4061-8CA1-BBFB58905F8C}.Debug|Any CPU.Build.0 = Debug|Any CPU
		{DFB2B3F4-058C-4061-8CA1-BBFB58905F8C}.DVD-5|Any CPU.ActiveCfg = Debug|Any CPU
		{DFB2B3F4-058C-4061-8CA1-BBFB58905F8C}.DVD-5|Any CPU.Build.0 = Debug|Any CPU
		{DFB2B3F4-058C-4061-8CA1-BBFB58905F8C}.Release|Any CPU.ActiveCfg = Release|Any CPU
		{DFB2B3F4-058C-4061-8CA1-BBFB58905F8C}.Release|Any CPU.Build.0 = Release|Any CPU
		{DFB2B3F4-058C-4061-8CA1-BBFB58905F8C}.SingleImage|Any CPU.ActiveCfg = Release|Any CPU
		{DFB2B3F4-058C-4061-8CA1-BBFB58905F8C}.SingleImage|Any CPU.Build.0 = Release|Any CPU
		{A3CDC516-0C27-493C-B7B7-2BAC76B0C86E}.CD_ROM|Any CPU.ActiveCfg = CD_ROM
		{A3CDC516-0C27-493C-B7B7-2BAC76B0C86E}.CD_ROM|Any CPU.Build.0 = CD_ROM
		{A3CDC516-0C27-493C-B7B7-2BAC76B0C86E}.Debug|Any CPU.ActiveCfg = DVD-5
		{A3CDC516-0C27-493C-B7B7-2BAC76B0C86E}.Debug|Any CPU.Build.0 = DVD-5
		{A3CDC516-0C27-493C-B7B7-2BAC76B0C86E}.DVD-5|Any CPU.ActiveCfg = DVD-5
		{A3CDC516-0C27-493C-B7B7-2BAC76B0C86E}.DVD-5|Any CPU.Build.0 = DVD-5
		{A3CDC516-0C27-493C-B7B7-2BAC76B0C86E}.Release|Any CPU.ActiveCfg = SingleImage
		{A3CDC516-0C27-493C-B7B7-2BAC76B0C86E}.Release|Any CPU.Build.0 = SingleImage
		{A3CDC516-0C27-493C-B7B7-2BAC76B0C86E}.SingleImage|Any CPU.ActiveCfg = SingleImage
		{A3CDC516-0C27-493C-B7B7-2BAC76B0C86E}.SingleImage|Any CPU.Build.0 = SingleImage
		{9DCD6EE4-F17C-4B32-861C-8976923767AB}.CD_ROM|Any CPU.ActiveCfg = Release|Any CPU
		{9DCD6EE4-F17C-4B32-861C-8976923767AB}.CD_ROM|Any CPU.Build.0 = Release|Any CPU
		{9DCD6EE4-F17C-4B32-861C-8976923767AB}.Debug|Any CPU.ActiveCfg = Debug|Any CPU
		{9DCD6EE4-F17C-4B32-861C-8976923767AB}.Debug|Any CPU.Build.0 = Debug|Any CPU
		{9DCD6EE4-F17C-4B32-861C-8976923767AB}.DVD-5|Any CPU.ActiveCfg = Debug|Any CPU
		{9DCD6EE4-F17C-4B32-861C-8976923767AB}.DVD-5|Any CPU.Build.0 = Debug|Any CPU
		{9DCD6EE4-F17C-4B32-861C-8976923767AB}.Release|Any CPU.ActiveCfg = Release|Any CPU
		{9DCD6EE4-F17C-4B32-861C-8976923767AB}.Release|Any CPU.Build.0 = Release|Any CPU
		{9DCD6EE4-F17C-4B32-861C-8976923767AB}.SingleImage|Any CPU.ActiveCfg = Release|Any CPU
		{9DCD6EE4-F17C-4B32-861C-8976923767AB}.SingleImage|Any CPU.Build.0 = Release|Any CPU
		{44884B92-935D-4C43-804F-867FFBD9D5B5}.CD_ROM|Any CPU.ActiveCfg = Release|Any CPU
		{44884B92-935D-4C43-804F-867FFBD9D5B5}.CD_ROM|Any CPU.Build.0 = Release|Any CPU
		{44884B92-935D-4C43-804F-867FFBD9D5B5}.Debug|Any CPU.ActiveCfg = Debug|Any CPU
		{44884B92-935D-4C43-804F-867FFBD9D5B5}.Debug|Any CPU.Build.0 = Debug|Any CPU
		{44884B92-935D-4C43-804F-867FFBD9D5B5}.DVD-5|Any CPU.ActiveCfg = Debug|Any CPU
		{44884B92-935D-4C43-804F-867FFBD9D5B5}.DVD-5|Any CPU.Build.0 = Debug|Any CPU
		{44884B92-935D-4C43-804F-867FFBD9D5B5}.Release|Any CPU.ActiveCfg = Release|Any CPU
		{44884B92-935D-4C43-804F-867FFBD9D5B5}.Release|Any CPU.Build.0 = Release|Any CPU
		{44884B92-935D-4C43-804F-867FFBD9D5B5}.SingleImage|Any CPU.ActiveCfg = Release|Any CPU
		{44884B92-935D-4C43-804F-867FFBD9D5B5}.SingleImage|Any CPU.Build.0 = Release|Any CPU
		{05E59485-EBE4-4D7B-9F48-F4986E07F410}.CD_ROM|Any CPU.ActiveCfg = Release|Any CPU
		{05E59485-EBE4-4D7B-9F48-F4986E07F410}.CD_ROM|Any CPU.Build.0 = Release|Any CPU
		{05E59485-EBE4-4D7B-9F48-F4986E07F410}.Debug|Any CPU.ActiveCfg = Debug|Any CPU
		{05E59485-EBE4-4D7B-9F48-F4986E07F410}.Debug|Any CPU.Build.0 = Debug|Any CPU
		{05E59485-EBE4-4D7B-9F48-F4986E07F410}.DVD-5|Any CPU.ActiveCfg = Debug|Any CPU
		{05E59485-EBE4-4D7B-9F48-F4986E07F410}.DVD-5|Any CPU.Build.0 = Debug|Any CPU
		{05E59485-EBE4-4D7B-9F48-F4986E07F410}.Release|Any CPU.ActiveCfg = Release|Any CPU
		{05E59485-EBE4-4D7B-9F48-F4986E07F410}.Release|Any CPU.Build.0 = Release|Any CPU
		{05E59485-EBE4-4D7B-9F48-F4986E07F410}.SingleImage|Any CPU.ActiveCfg = Release|Any CPU
		{05E59485-EBE4-4D7B-9F48-F4986E07F410}.SingleImage|Any CPU.Build.0 = Release|Any CPU
		{DE9D36CC-12AF-4FDC-A54B-19F73246D51A}.CD_ROM|Any CPU.ActiveCfg = CD_ROM
		{DE9D36CC-12AF-4FDC-A54B-19F73246D51A}.CD_ROM|Any CPU.Build.0 = CD_ROM
		{DE9D36CC-12AF-4FDC-A54B-19F73246D51A}.Debug|Any CPU.ActiveCfg = DVD-5
		{DE9D36CC-12AF-4FDC-A54B-19F73246D51A}.Debug|Any CPU.Build.0 = DVD-5
		{DE9D36CC-12AF-4FDC-A54B-19F73246D51A}.DVD-5|Any CPU.ActiveCfg = DVD-5
		{DE9D36CC-12AF-4FDC-A54B-19F73246D51A}.DVD-5|Any CPU.Build.0 = DVD-5
		{DE9D36CC-12AF-4FDC-A54B-19F73246D51A}.Release|Any CPU.ActiveCfg = SingleImage
		{DE9D36CC-12AF-4FDC-A54B-19F73246D51A}.Release|Any CPU.Build.0 = SingleImage
		{DE9D36CC-12AF-4FDC-A54B-19F73246D51A}.SingleImage|Any CPU.ActiveCfg = SingleImage
		{DE9D36CC-12AF-4FDC-A54B-19F73246D51A}.SingleImage|Any CPU.Build.0 = SingleImage
	EndGlobalSection
	GlobalSection(SolutionProperties) = preSolution
		HideSolutionNode = FALSE
	EndGlobalSection
EndGlobal
