
Microsoft Visual Studio Solution File, Format Version 12.00
# Visual Studio 2013
VisualStudioVersion = 12.0.31101.0
MinimumVisualStudioVersion = 10.0.40219.1
Project("{FAE04EC0-301F-11D3-BF4B-00C04F79EFBC}") = "CdrProcessor", "CdrProcessor\CdrProcessor.csproj", "{AB4FC4CB-EA19-4361-A383-516A0F8EC3FF}"
EndProject
Project("{FAE04EC0-301F-11D3-BF4B-00C04F79EFBC}") = "Reports", "Reports\Reports.csproj", "{2DE2C0DE-EE0D-4835-9F3E-4B7C5C87A5F2}"
EndProject
Project("{FAE04EC0-301F-11D3-BF4B-00C04F79EFBC}") = "LogFileMgr", "..\..\SprintCiberFileMgr\Utils\LogFileMgr\LogFileMgr.csproj", "{4B26F604-3494-4206-95AE-F9AB89F3FE6B}"
EndProject
Project("{FAE04EC0-301F-11D3-BF4B-00C04F79EFBC}") = "DailyCallReportSvc", "DailyCallReportSvc\DailyCallReportSvc.csproj", "{EE588769-2EE9-4CF1-8CCC-80660292B29D}"
EndProject
Project("{FAE04EC0-301F-11D3-BF4B-00C04F79EFBC}") = "CallReportingTestApp", "CallReportingTestApp\CallReportingTestApp.csproj", "{CB91DCA9-9E7F-4190-935C-630AE8433365}"
EndProject
Project("{FAE04EC0-301F-11D3-BF4B-00C04F79EFBC}") = "WholeSaleDataProcessor", "WholeSaleDataProcessor\WholeSaleDataProcessor.csproj", "{E710A74A-0B54-4FBA-8C4D-D4CB72DF2337}"
EndProject
Project("{FAE04EC0-301F-11D3-BF4B-00C04F79EFBC}") = "CallReportProcessors", "GroupCallReport\CallReportProcessors.csproj", "{17046F29-DF68-43F9-9C9F-F684C2269553}"
EndProject
Project("{FAE04EC0-301F-11D3-BF4B-00C04F79EFBC}") = "DailyGroupCallReportSvc", "DailyGroupCallReportSvc\DailyGroupCallReportSvc.csproj", "{C424FFAD-8708-419B-ACB0-E75D1EDC830B}"
EndProject
Project("{6141683F-8A12-4E36-9623-2EB02B2C2303}") = "DailyGroupCallReportSvcSetup", "..\..\Releases\DailyGroupCallReportSvcSetup\DailyGroupCallReportSvcSetup.isproj", "{57185F49-38E4-410D-8670-B42A2534D5D1}"
	ProjectSection(ProjectDependencies) = postProject
		{4B26F604-3494-4206-95AE-F9AB89F3FE6B} = {4B26F604-3494-4206-95AE-F9AB89F3FE6B}
		{17046F29-DF68-43F9-9C9F-F684C2269553} = {17046F29-DF68-43F9-9C9F-F684C2269553}
		{C424FFAD-8708-419B-ACB0-E75D1EDC830B} = {C424FFAD-8708-419B-ACB0-E75D1EDC830B}
	EndProjectSection
EndProject
Project("{FAE04EC0-301F-11D3-BF4B-00C04F79EFBC}") = "DailyUserCallReportSvc", "DailyUserCallReportSvc\DailyUserCallReportSvc.csproj", "{B21DF2CB-4844-45C0-826C-74D142B57AA1}"
EndProject
Project("{6141683F-8A12-4E36-9623-2EB02B2C2303}") = "DailyUserCallReportSetup", "DailyUserCallReportSetup\DailyUserCallReportSetup.isproj", "{E8B79840-6E1F-4800-97E0-DD50A4F79CE8}"
	ProjectSection(ProjectDependencies) = postProject
		{17046F29-DF68-43F9-9C9F-F684C2269553} = {17046F29-DF68-43F9-9C9F-F684C2269553}
		{B21DF2CB-4844-45C0-826C-74D142B57AA1} = {B21DF2CB-4844-45C0-826C-74D142B57AA1}
	EndProjectSection
EndProject
Global
	GlobalSection(SolutionConfigurationPlatforms) = preSolution
		CD_ROM|Any CPU = CD_ROM|Any CPU
		CD_ROM|Mixed Platforms = CD_ROM|Mixed Platforms
		CD_ROM|x86 = CD_ROM|x86
		Debug|Any CPU = Debug|Any CPU
		Debug|Mixed Platforms = Debug|Mixed Platforms
		Debug|x86 = Debug|x86
		DVD-5|Any CPU = DVD-5|Any CPU
		DVD-5|Mixed Platforms = DVD-5|Mixed Platforms
		DVD-5|x86 = DVD-5|x86
		Release|Any CPU = Release|Any CPU
		Release|Mixed Platforms = Release|Mixed Platforms
		Release|x86 = Release|x86
		SingleImage|Any CPU = SingleImage|Any CPU
		SingleImage|Mixed Platforms = SingleImage|Mixed Platforms
		SingleImage|x86 = SingleImage|x86
	EndGlobalSection
	GlobalSection(ProjectConfigurationPlatforms) = postSolution
		{AB4FC4CB-EA19-4361-A383-516A0F8EC3FF}.CD_ROM|Any CPU.ActiveCfg = Release|Any CPU
		{AB4FC4CB-EA19-4361-A383-516A0F8EC3FF}.CD_ROM|Any CPU.Build.0 = Release|Any CPU
		{AB4FC4CB-EA19-4361-A383-516A0F8EC3FF}.CD_ROM|Mixed Platforms.ActiveCfg = Release|Any CPU
		{AB4FC4CB-EA19-4361-A383-516A0F8EC3FF}.CD_ROM|Mixed Platforms.Build.0 = Release|Any CPU
		{AB4FC4CB-EA19-4361-A383-516A0F8EC3FF}.CD_ROM|x86.ActiveCfg = Release|Any CPU
		{AB4FC4CB-EA19-4361-A383-516A0F8EC3FF}.Debug|Any CPU.ActiveCfg = Debug|Any CPU
		{AB4FC4CB-EA19-4361-A383-516A0F8EC3FF}.Debug|Any CPU.Build.0 = Debug|Any CPU
		{AB4FC4CB-EA19-4361-A383-516A0F8EC3FF}.Debug|Mixed Platforms.ActiveCfg = Debug|Any CPU
		{AB4FC4CB-EA19-4361-A383-516A0F8EC3FF}.Debug|Mixed Platforms.Build.0 = Debug|Any CPU
		{AB4FC4CB-EA19-4361-A383-516A0F8EC3FF}.Debug|x86.ActiveCfg = Debug|Any CPU
		{AB4FC4CB-EA19-4361-A383-516A0F8EC3FF}.DVD-5|Any CPU.ActiveCfg = Debug|Any CPU
		{AB4FC4CB-EA19-4361-A383-516A0F8EC3FF}.DVD-5|Any CPU.Build.0 = Debug|Any CPU
		{AB4FC4CB-EA19-4361-A383-516A0F8EC3FF}.DVD-5|Mixed Platforms.ActiveCfg = Debug|Any CPU
		{AB4FC4CB-EA19-4361-A383-516A0F8EC3FF}.DVD-5|Mixed Platforms.Build.0 = Debug|Any CPU
		{AB4FC4CB-EA19-4361-A383-516A0F8EC3FF}.DVD-5|x86.ActiveCfg = Debug|Any CPU
		{AB4FC4CB-EA19-4361-A383-516A0F8EC3FF}.Release|Any CPU.ActiveCfg = Release|Any CPU
		{AB4FC4CB-EA19-4361-A383-516A0F8EC3FF}.Release|Any CPU.Build.0 = Release|Any CPU
		{AB4FC4CB-EA19-4361-A383-516A0F8EC3FF}.Release|Mixed Platforms.ActiveCfg = Release|Any CPU
		{AB4FC4CB-EA19-4361-A383-516A0F8EC3FF}.Release|Mixed Platforms.Build.0 = Release|Any CPU
		{AB4FC4CB-EA19-4361-A383-516A0F8EC3FF}.Release|x86.ActiveCfg = Release|Any CPU
		{AB4FC4CB-EA19-4361-A383-516A0F8EC3FF}.SingleImage|Any CPU.ActiveCfg = Release|Any CPU
		{AB4FC4CB-EA19-4361-A383-516A0F8EC3FF}.SingleImage|Any CPU.Build.0 = Release|Any CPU
		{AB4FC4CB-EA19-4361-A383-516A0F8EC3FF}.SingleImage|Mixed Platforms.ActiveCfg = Release|Any CPU
		{AB4FC4CB-EA19-4361-A383-516A0F8EC3FF}.SingleImage|Mixed Platforms.Build.0 = Release|Any CPU
		{AB4FC4CB-EA19-4361-A383-516A0F8EC3FF}.SingleImage|x86.ActiveCfg = Release|Any CPU
		{2DE2C0DE-EE0D-4835-9F3E-4B7C5C87A5F2}.CD_ROM|Any CPU.ActiveCfg = Release|Any CPU
		{2DE2C0DE-EE0D-4835-9F3E-4B7C5C87A5F2}.CD_ROM|Any CPU.Build.0 = Release|Any CPU
		{2DE2C0DE-EE0D-4835-9F3E-4B7C5C87A5F2}.CD_ROM|Mixed Platforms.ActiveCfg = Release|Any CPU
		{2DE2C0DE-EE0D-4835-9F3E-4B7C5C87A5F2}.CD_ROM|Mixed Platforms.Build.0 = Release|Any CPU
		{2DE2C0DE-EE0D-4835-9F3E-4B7C5C87A5F2}.CD_ROM|x86.ActiveCfg = Release|Any CPU
		{2DE2C0DE-EE0D-4835-9F3E-4B7C5C87A5F2}.Debug|Any CPU.ActiveCfg = Debug|Any CPU
		{2DE2C0DE-EE0D-4835-9F3E-4B7C5C87A5F2}.Debug|Any CPU.Build.0 = Debug|Any CPU
		{2DE2C0DE-EE0D-4835-9F3E-4B7C5C87A5F2}.Debug|Mixed Platforms.ActiveCfg = Debug|Any CPU
		{2DE2C0DE-EE0D-4835-9F3E-4B7C5C87A5F2}.Debug|Mixed Platforms.Build.0 = Debug|Any CPU
		{2DE2C0DE-EE0D-4835-9F3E-4B7C5C87A5F2}.Debug|x86.ActiveCfg = Debug|Any CPU
		{2DE2C0DE-EE0D-4835-9F3E-4B7C5C87A5F2}.DVD-5|Any CPU.ActiveCfg = Debug|Any CPU
		{2DE2C0DE-EE0D-4835-9F3E-4B7C5C87A5F2}.DVD-5|Any CPU.Build.0 = Debug|Any CPU
		{2DE2C0DE-EE0D-4835-9F3E-4B7C5C87A5F2}.DVD-5|Mixed Platforms.ActiveCfg = Debug|Any CPU
		{2DE2C0DE-EE0D-4835-9F3E-4B7C5C87A5F2}.DVD-5|Mixed Platforms.Build.0 = Debug|Any CPU
		{2DE2C0DE-EE0D-4835-9F3E-4B7C5C87A5F2}.DVD-5|x86.ActiveCfg = Debug|Any CPU
		{2DE2C0DE-EE0D-4835-9F3E-4B7C5C87A5F2}.Release|Any CPU.ActiveCfg = Release|Any CPU
		{2DE2C0DE-EE0D-4835-9F3E-4B7C5C87A5F2}.Release|Any CPU.Build.0 = Release|Any CPU
		{2DE2C0DE-EE0D-4835-9F3E-4B7C5C87A5F2}.Release|Mixed Platforms.ActiveCfg = Release|Any CPU
		{2DE2C0DE-EE0D-4835-9F3E-4B7C5C87A5F2}.Release|Mixed Platforms.Build.0 = Release|Any CPU
		{2DE2C0DE-EE0D-4835-9F3E-4B7C5C87A5F2}.Release|x86.ActiveCfg = Release|Any CPU
		{2DE2C0DE-EE0D-4835-9F3E-4B7C5C87A5F2}.SingleImage|Any CPU.ActiveCfg = Release|Any CPU
		{2DE2C0DE-EE0D-4835-9F3E-4B7C5C87A5F2}.SingleImage|Any CPU.Build.0 = Release|Any CPU
		{2DE2C0DE-EE0D-4835-9F3E-4B7C5C87A5F2}.SingleImage|Mixed Platforms.ActiveCfg = Release|Any CPU
		{2DE2C0DE-EE0D-4835-9F3E-4B7C5C87A5F2}.SingleImage|Mixed Platforms.Build.0 = Release|Any CPU
		{2DE2C0DE-EE0D-4835-9F3E-4B7C5C87A5F2}.SingleImage|x86.ActiveCfg = Release|Any CPU
		{4B26F604-3494-4206-95AE-F9AB89F3FE6B}.CD_ROM|Any CPU.ActiveCfg = Release|Any CPU
		{4B26F604-3494-4206-95AE-F9AB89F3FE6B}.CD_ROM|Any CPU.Build.0 = Release|Any CPU
		{4B26F604-3494-4206-95AE-F9AB89F3FE6B}.CD_ROM|Mixed Platforms.ActiveCfg = Release|Any CPU
		{4B26F604-3494-4206-95AE-F9AB89F3FE6B}.CD_ROM|Mixed Platforms.Build.0 = Release|Any CPU
		{4B26F604-3494-4206-95AE-F9AB89F3FE6B}.CD_ROM|x86.ActiveCfg = Release|Any CPU
		{4B26F604-3494-4206-95AE-F9AB89F3FE6B}.Debug|Any CPU.ActiveCfg = Debug|Any CPU
		{4B26F604-3494-4206-95AE-F9AB89F3FE6B}.Debug|Any CPU.Build.0 = Debug|Any CPU
		{4B26F604-3494-4206-95AE-F9AB89F3FE6B}.Debug|Mixed Platforms.ActiveCfg = Debug|Any CPU
		{4B26F604-3494-4206-95AE-F9AB89F3FE6B}.Debug|Mixed Platforms.Build.0 = Debug|Any CPU
		{4B26F604-3494-4206-95AE-F9AB89F3FE6B}.Debug|x86.ActiveCfg = Debug|Any CPU
		{4B26F604-3494-4206-95AE-F9AB89F3FE6B}.DVD-5|Any CPU.ActiveCfg = Debug|Any CPU
		{4B26F604-3494-4206-95AE-F9AB89F3FE6B}.DVD-5|Any CPU.Build.0 = Debug|Any CPU
		{4B26F604-3494-4206-95AE-F9AB89F3FE6B}.DVD-5|Mixed Platforms.ActiveCfg = Debug|Any CPU
		{4B26F604-3494-4206-95AE-F9AB89F3FE6B}.DVD-5|Mixed Platforms.Build.0 = Debug|Any CPU
		{4B26F604-3494-4206-95AE-F9AB89F3FE6B}.DVD-5|x86.ActiveCfg = Debug|Any CPU
		{4B26F604-3494-4206-95AE-F9AB89F3FE6B}.Release|Any CPU.ActiveCfg = Release|Any CPU
		{4B26F604-3494-4206-95AE-F9AB89F3FE6B}.Release|Any CPU.Build.0 = Release|Any CPU
		{4B26F604-3494-4206-95AE-F9AB89F3FE6B}.Release|Mixed Platforms.ActiveCfg = Release|Any CPU
		{4B26F604-3494-4206-95AE-F9AB89F3FE6B}.Release|Mixed Platforms.Build.0 = Release|Any CPU
		{4B26F604-3494-4206-95AE-F9AB89F3FE6B}.Release|x86.ActiveCfg = Release|Any CPU
		{4B26F604-3494-4206-95AE-F9AB89F3FE6B}.SingleImage|Any CPU.ActiveCfg = Release|Any CPU
		{4B26F604-3494-4206-95AE-F9AB89F3FE6B}.SingleImage|Any CPU.Build.0 = Release|Any CPU
		{4B26F604-3494-4206-95AE-F9AB89F3FE6B}.SingleImage|Mixed Platforms.ActiveCfg = Release|Any CPU
		{4B26F604-3494-4206-95AE-F9AB89F3FE6B}.SingleImage|Mixed Platforms.Build.0 = Release|Any CPU
		{4B26F604-3494-4206-95AE-F9AB89F3FE6B}.SingleImage|x86.ActiveCfg = Release|Any CPU
		{EE588769-2EE9-4CF1-8CCC-80660292B29D}.CD_ROM|Any CPU.ActiveCfg = Release|x86
		{EE588769-2EE9-4CF1-8CCC-80660292B29D}.CD_ROM|Mixed Platforms.ActiveCfg = Release|x86
		{EE588769-2EE9-4CF1-8CCC-80660292B29D}.CD_ROM|Mixed Platforms.Build.0 = Release|x86
		{EE588769-2EE9-4CF1-8CCC-80660292B29D}.CD_ROM|x86.ActiveCfg = Release|x86
		{EE588769-2EE9-4CF1-8CCC-80660292B29D}.CD_ROM|x86.Build.0 = Release|x86
		{EE588769-2EE9-4CF1-8CCC-80660292B29D}.Debug|Any CPU.ActiveCfg = Debug|x86
		{EE588769-2EE9-4CF1-8CCC-80660292B29D}.Debug|Mixed Platforms.ActiveCfg = Debug|x86
		{EE588769-2EE9-4CF1-8CCC-80660292B29D}.Debug|Mixed Platforms.Build.0 = Debug|x86
		{EE588769-2EE9-4CF1-8CCC-80660292B29D}.Debug|x86.ActiveCfg = Debug|x86
		{EE588769-2EE9-4CF1-8CCC-80660292B29D}.Debug|x86.Build.0 = Debug|x86
		{EE588769-2EE9-4CF1-8CCC-80660292B29D}.DVD-5|Any CPU.ActiveCfg = Debug|x86
		{EE588769-2EE9-4CF1-8CCC-80660292B29D}.DVD-5|Mixed Platforms.ActiveCfg = Debug|x86
		{EE588769-2EE9-4CF1-8CCC-80660292B29D}.DVD-5|Mixed Platforms.Build.0 = Debug|x86
		{EE588769-2EE9-4CF1-8CCC-80660292B29D}.DVD-5|x86.ActiveCfg = Debug|x86
		{EE588769-2EE9-4CF1-8CCC-80660292B29D}.DVD-5|x86.Build.0 = Debug|x86
		{EE588769-2EE9-4CF1-8CCC-80660292B29D}.Release|Any CPU.ActiveCfg = Release|x86
		{EE588769-2EE9-4CF1-8CCC-80660292B29D}.Release|Mixed Platforms.ActiveCfg = Release|x86
		{EE588769-2EE9-4CF1-8CCC-80660292B29D}.Release|Mixed Platforms.Build.0 = Release|x86
		{EE588769-2EE9-4CF1-8CCC-80660292B29D}.Release|x86.ActiveCfg = Release|x86
		{EE588769-2EE9-4CF1-8CCC-80660292B29D}.Release|x86.Build.0 = Release|x86
		{EE588769-2EE9-4CF1-8CCC-80660292B29D}.SingleImage|Any CPU.ActiveCfg = Release|x86
		{EE588769-2EE9-4CF1-8CCC-80660292B29D}.SingleImage|Mixed Platforms.ActiveCfg = Release|x86
		{EE588769-2EE9-4CF1-8CCC-80660292B29D}.SingleImage|Mixed Platforms.Build.0 = Release|x86
		{EE588769-2EE9-4CF1-8CCC-80660292B29D}.SingleImage|x86.ActiveCfg = Release|x86
		{EE588769-2EE9-4CF1-8CCC-80660292B29D}.SingleImage|x86.Build.0 = Release|x86
		{CB91DCA9-9E7F-4190-935C-630AE8433365}.CD_ROM|Any CPU.ActiveCfg = Release|x86
		{CB91DCA9-9E7F-4190-935C-630AE8433365}.CD_ROM|Mixed Platforms.ActiveCfg = Release|x86
		{CB91DCA9-9E7F-4190-935C-630AE8433365}.CD_ROM|Mixed Platforms.Build.0 = Release|x86
		{CB91DCA9-9E7F-4190-935C-630AE8433365}.CD_ROM|x86.ActiveCfg = Release|x86
		{CB91DCA9-9E7F-4190-935C-630AE8433365}.CD_ROM|x86.Build.0 = Release|x86
		{CB91DCA9-9E7F-4190-935C-630AE8433365}.Debug|Any CPU.ActiveCfg = Debug|x86
		{CB91DCA9-9E7F-4190-935C-630AE8433365}.Debug|Mixed Platforms.ActiveCfg = Debug|x86
		{CB91DCA9-9E7F-4190-935C-630AE8433365}.Debug|Mixed Platforms.Build.0 = Debug|x86
		{CB91DCA9-9E7F-4190-935C-630AE8433365}.Debug|x86.ActiveCfg = Debug|x86
		{CB91DCA9-9E7F-4190-935C-630AE8433365}.Debug|x86.Build.0 = Debug|x86
		{CB91DCA9-9E7F-4190-935C-630AE8433365}.DVD-5|Any CPU.ActiveCfg = Debug|x86
		{CB91DCA9-9E7F-4190-935C-630AE8433365}.DVD-5|Mixed Platforms.ActiveCfg = Debug|x86
		{CB91DCA9-9E7F-4190-935C-630AE8433365}.DVD-5|Mixed Platforms.Build.0 = Debug|x86
		{CB91DCA9-9E7F-4190-935C-630AE8433365}.DVD-5|x86.ActiveCfg = Debug|x86
		{CB91DCA9-9E7F-4190-935C-630AE8433365}.DVD-5|x86.Build.0 = Debug|x86
		{CB91DCA9-9E7F-4190-935C-630AE8433365}.Release|Any CPU.ActiveCfg = Release|x86
		{CB91DCA9-9E7F-4190-935C-630AE8433365}.Release|Mixed Platforms.ActiveCfg = Release|x86
		{CB91DCA9-9E7F-4190-935C-630AE8433365}.Release|Mixed Platforms.Build.0 = Release|x86
		{CB91DCA9-9E7F-4190-935C-630AE8433365}.Release|x86.ActiveCfg = Release|x86
		{CB91DCA9-9E7F-4190-935C-630AE8433365}.Release|x86.Build.0 = Release|x86
		{CB91DCA9-9E7F-4190-935C-630AE8433365}.SingleImage|Any CPU.ActiveCfg = Release|x86
		{CB91DCA9-9E7F-4190-935C-630AE8433365}.SingleImage|Mixed Platforms.ActiveCfg = Release|x86
		{CB91DCA9-9E7F-4190-935C-630AE8433365}.SingleImage|Mixed Platforms.Build.0 = Release|x86
		{CB91DCA9-9E7F-4190-935C-630AE8433365}.SingleImage|x86.ActiveCfg = Release|x86
		{CB91DCA9-9E7F-4190-935C-630AE8433365}.SingleImage|x86.Build.0 = Release|x86
		{E710A74A-0B54-4FBA-8C4D-D4CB72DF2337}.CD_ROM|Any CPU.ActiveCfg = Release|Any CPU
		{E710A74A-0B54-4FBA-8C4D-D4CB72DF2337}.CD_ROM|Any CPU.Build.0 = Release|Any CPU
		{E710A74A-0B54-4FBA-8C4D-D4CB72DF2337}.CD_ROM|Mixed Platforms.ActiveCfg = Release|Any CPU
		{E710A74A-0B54-4FBA-8C4D-D4CB72DF2337}.CD_ROM|Mixed Platforms.Build.0 = Release|Any CPU
		{E710A74A-0B54-4FBA-8C4D-D4CB72DF2337}.CD_ROM|x86.ActiveCfg = Release|Any CPU
		{E710A74A-0B54-4FBA-8C4D-D4CB72DF2337}.Debug|Any CPU.ActiveCfg = Debug|Any CPU
		{E710A74A-0B54-4FBA-8C4D-D4CB72DF2337}.Debug|Any CPU.Build.0 = Debug|Any CPU
		{E710A74A-0B54-4FBA-8C4D-D4CB72DF2337}.Debug|Mixed Platforms.ActiveCfg = Debug|Any CPU
		{E710A74A-0B54-4FBA-8C4D-D4CB72DF2337}.Debug|Mixed Platforms.Build.0 = Debug|Any CPU
		{E710A74A-0B54-4FBA-8C4D-D4CB72DF2337}.Debug|x86.ActiveCfg = Debug|Any CPU
		{E710A74A-0B54-4FBA-8C4D-D4CB72DF2337}.DVD-5|Any CPU.ActiveCfg = Debug|Any CPU
		{E710A74A-0B54-4FBA-8C4D-D4CB72DF2337}.DVD-5|Any CPU.Build.0 = Debug|Any CPU
		{E710A74A-0B54-4FBA-8C4D-D4CB72DF2337}.DVD-5|Mixed Platforms.ActiveCfg = Debug|Any CPU
		{E710A74A-0B54-4FBA-8C4D-D4CB72DF2337}.DVD-5|Mixed Platforms.Build.0 = Debug|Any CPU
		{E710A74A-0B54-4FBA-8C4D-D4CB72DF2337}.DVD-5|x86.ActiveCfg = Debug|Any CPU
		{E710A74A-0B54-4FBA-8C4D-D4CB72DF2337}.Release|Any CPU.ActiveCfg = Release|Any CPU
		{E710A74A-0B54-4FBA-8C4D-D4CB72DF2337}.Release|Any CPU.Build.0 = Release|Any CPU
		{E710A74A-0B54-4FBA-8C4D-D4CB72DF2337}.Release|Mixed Platforms.ActiveCfg = Release|Any CPU
		{E710A74A-0B54-4FBA-8C4D-D4CB72DF2337}.Release|Mixed Platforms.Build.0 = Release|Any CPU
		{E710A74A-0B54-4FBA-8C4D-D4CB72DF2337}.Release|x86.ActiveCfg = Release|Any CPU
		{E710A74A-0B54-4FBA-8C4D-D4CB72DF2337}.SingleImage|Any CPU.ActiveCfg = Release|Any CPU
		{E710A74A-0B54-4FBA-8C4D-D4CB72DF2337}.SingleImage|Any CPU.Build.0 = Release|Any CPU
		{E710A74A-0B54-4FBA-8C4D-D4CB72DF2337}.SingleImage|Mixed Platforms.ActiveCfg = Release|Any CPU
		{E710A74A-0B54-4FBA-8C4D-D4CB72DF2337}.SingleImage|Mixed Platforms.Build.0 = Release|Any CPU
		{E710A74A-0B54-4FBA-8C4D-D4CB72DF2337}.SingleImage|x86.ActiveCfg = Release|Any CPU
		{17046F29-DF68-43F9-9C9F-F684C2269553}.CD_ROM|Any CPU.ActiveCfg = Release|Any CPU
		{17046F29-DF68-43F9-9C9F-F684C2269553}.CD_ROM|Any CPU.Build.0 = Release|Any CPU
		{17046F29-DF68-43F9-9C9F-F684C2269553}.CD_ROM|Mixed Platforms.ActiveCfg = Release|Any CPU
		{17046F29-DF68-43F9-9C9F-F684C2269553}.CD_ROM|Mixed Platforms.Build.0 = Release|Any CPU
		{17046F29-DF68-43F9-9C9F-F684C2269553}.CD_ROM|x86.ActiveCfg = Release|Any CPU
		{17046F29-DF68-43F9-9C9F-F684C2269553}.Debug|Any CPU.ActiveCfg = Debug|Any CPU
		{17046F29-DF68-43F9-9C9F-F684C2269553}.Debug|Any CPU.Build.0 = Debug|Any CPU
		{17046F29-DF68-43F9-9C9F-F684C2269553}.Debug|Mixed Platforms.ActiveCfg = Debug|Any CPU
		{17046F29-DF68-43F9-9C9F-F684C2269553}.Debug|Mixed Platforms.Build.0 = Debug|Any CPU
		{17046F29-DF68-43F9-9C9F-F684C2269553}.Debug|x86.ActiveCfg = Debug|Any CPU
		{17046F29-DF68-43F9-9C9F-F684C2269553}.DVD-5|Any CPU.ActiveCfg = Debug|Any CPU
		{17046F29-DF68-43F9-9C9F-F684C2269553}.DVD-5|Any CPU.Build.0 = Debug|Any CPU
		{17046F29-DF68-43F9-9C9F-F684C2269553}.DVD-5|Mixed Platforms.ActiveCfg = Debug|Any CPU
		{17046F29-DF68-43F9-9C9F-F684C2269553}.DVD-5|Mixed Platforms.Build.0 = Debug|Any CPU
		{17046F29-DF68-43F9-9C9F-F684C2269553}.DVD-5|x86.ActiveCfg = Debug|Any CPU
		{17046F29-DF68-43F9-9C9F-F684C2269553}.Release|Any CPU.ActiveCfg = Release|Any CPU
		{17046F29-DF68-43F9-9C9F-F684C2269553}.Release|Any CPU.Build.0 = Release|Any CPU
		{17046F29-DF68-43F9-9C9F-F684C2269553}.Release|Mixed Platforms.ActiveCfg = Release|Any CPU
		{17046F29-DF68-43F9-9C9F-F684C2269553}.Release|Mixed Platforms.Build.0 = Release|Any CPU
		{17046F29-DF68-43F9-9C9F-F684C2269553}.Release|x86.ActiveCfg = Release|Any CPU
		{17046F29-DF68-43F9-9C9F-F684C2269553}.SingleImage|Any CPU.ActiveCfg = Release|Any CPU
		{17046F29-DF68-43F9-9C9F-F684C2269553}.SingleImage|Any CPU.Build.0 = Release|Any CPU
		{17046F29-DF68-43F9-9C9F-F684C2269553}.SingleImage|Mixed Platforms.ActiveCfg = Release|Any CPU
		{17046F29-DF68-43F9-9C9F-F684C2269553}.SingleImage|Mixed Platforms.Build.0 = Release|Any CPU
		{17046F29-DF68-43F9-9C9F-F684C2269553}.SingleImage|x86.ActiveCfg = Release|Any CPU
		{C424FFAD-8708-419B-ACB0-E75D1EDC830B}.CD_ROM|Any CPU.ActiveCfg = Release|x86
		{C424FFAD-8708-419B-ACB0-E75D1EDC830B}.CD_ROM|Mixed Platforms.ActiveCfg = Release|x86
		{C424FFAD-8708-419B-ACB0-E75D1EDC830B}.CD_ROM|Mixed Platforms.Build.0 = Release|x86
		{C424FFAD-8708-419B-ACB0-E75D1EDC830B}.CD_ROM|x86.ActiveCfg = Release|x86
		{C424FFAD-8708-419B-ACB0-E75D1EDC830B}.CD_ROM|x86.Build.0 = Release|x86
		{C424FFAD-8708-419B-ACB0-E75D1EDC830B}.Debug|Any CPU.ActiveCfg = Debug|x86
		{C424FFAD-8708-419B-ACB0-E75D1EDC830B}.Debug|Mixed Platforms.ActiveCfg = Debug|x86
		{C424FFAD-8708-419B-ACB0-E75D1EDC830B}.Debug|Mixed Platforms.Build.0 = Debug|x86
		{C424FFAD-8708-419B-ACB0-E75D1EDC830B}.Debug|x86.ActiveCfg = Debug|x86
		{C424FFAD-8708-419B-ACB0-E75D1EDC830B}.Debug|x86.Build.0 = Debug|x86
		{C424FFAD-8708-419B-ACB0-E75D1EDC830B}.DVD-5|Any CPU.ActiveCfg = Debug|x86
		{C424FFAD-8708-419B-ACB0-E75D1EDC830B}.DVD-5|Mixed Platforms.ActiveCfg = Debug|x86
		{C424FFAD-8708-419B-ACB0-E75D1EDC830B}.DVD-5|Mixed Platforms.Build.0 = Debug|x86
		{C424FFAD-8708-419B-ACB0-E75D1EDC830B}.DVD-5|x86.ActiveCfg = Debug|x86
		{C424FFAD-8708-419B-ACB0-E75D1EDC830B}.DVD-5|x86.Build.0 = Debug|x86
		{C424FFAD-8708-419B-ACB0-E75D1EDC830B}.Release|Any CPU.ActiveCfg = Release|x86
		{C424FFAD-8708-419B-ACB0-E75D1EDC830B}.Release|Mixed Platforms.ActiveCfg = Release|x86
		{C424FFAD-8708-419B-ACB0-E75D1EDC830B}.Release|Mixed Platforms.Build.0 = Release|x86
		{C424FFAD-8708-419B-ACB0-E75D1EDC830B}.Release|x86.ActiveCfg = Release|x86
		{C424FFAD-8708-419B-ACB0-E75D1EDC830B}.Release|x86.Build.0 = Release|x86
		{C424FFAD-8708-419B-ACB0-E75D1EDC830B}.SingleImage|Any CPU.ActiveCfg = Release|x86
		{C424FFAD-8708-419B-ACB0-E75D1EDC830B}.SingleImage|Mixed Platforms.ActiveCfg = Release|x86
		{C424FFAD-8708-419B-ACB0-E75D1EDC830B}.SingleImage|Mixed Platforms.Build.0 = Release|x86
		{C424FFAD-8708-419B-ACB0-E75D1EDC830B}.SingleImage|x86.ActiveCfg = Release|x86
		{C424FFAD-8708-419B-ACB0-E75D1EDC830B}.SingleImage|x86.Build.0 = Release|x86
		{57185F49-38E4-410D-8670-B42A2534D5D1}.CD_ROM|Any CPU.ActiveCfg = CD_ROM
		{57185F49-38E4-410D-8670-B42A2534D5D1}.CD_ROM|Any CPU.Build.0 = CD_ROM
		{57185F49-38E4-410D-8670-B42A2534D5D1}.CD_ROM|Mixed Platforms.ActiveCfg = CD_ROM
		{57185F49-38E4-410D-8670-B42A2534D5D1}.CD_ROM|Mixed Platforms.Build.0 = CD_ROM
		{57185F49-38E4-410D-8670-B42A2534D5D1}.CD_ROM|x86.ActiveCfg = CD_ROM
		{57185F49-38E4-410D-8670-B42A2534D5D1}.CD_ROM|x86.Build.0 = CD_ROM
		{57185F49-38E4-410D-8670-B42A2534D5D1}.Debug|Any CPU.ActiveCfg = DVD-5
		{57185F49-38E4-410D-8670-B42A2534D5D1}.Debug|Any CPU.Build.0 = DVD-5
		{57185F49-38E4-410D-8670-B42A2534D5D1}.Debug|Mixed Platforms.ActiveCfg = DVD-5
		{57185F49-38E4-410D-8670-B42A2534D5D1}.Debug|Mixed Platforms.Build.0 = DVD-5
		{57185F49-38E4-410D-8670-B42A2534D5D1}.Debug|x86.ActiveCfg = DVD-5
		{57185F49-38E4-410D-8670-B42A2534D5D1}.Debug|x86.Build.0 = DVD-5
		{57185F49-38E4-410D-8670-B42A2534D5D1}.DVD-5|Any CPU.ActiveCfg = DVD-5
		{57185F49-38E4-410D-8670-B42A2534D5D1}.DVD-5|Any CPU.Build.0 = DVD-5
		{57185F49-38E4-410D-8670-B42A2534D5D1}.DVD-5|Mixed Platforms.ActiveCfg = DVD-5
		{57185F49-38E4-410D-8670-B42A2534D5D1}.DVD-5|Mixed Platforms.Build.0 = DVD-5
		{57185F49-38E4-410D-8670-B42A2534D5D1}.DVD-5|x86.ActiveCfg = DVD-5
		{57185F49-38E4-410D-8670-B42A2534D5D1}.DVD-5|x86.Build.0 = DVD-5
		{57185F49-38E4-410D-8670-B42A2534D5D1}.Release|Any CPU.ActiveCfg = SingleImage
		{57185F49-38E4-410D-8670-B42A2534D5D1}.Release|Any CPU.Build.0 = SingleImage
		{57185F49-38E4-410D-8670-B42A2534D5D1}.Release|Mixed Platforms.ActiveCfg = SingleImage
		{57185F49-38E4-410D-8670-B42A2534D5D1}.Release|Mixed Platforms.Build.0 = SingleImage
		{57185F49-38E4-410D-8670-B42A2534D5D1}.Release|x86.ActiveCfg = SingleImage
		{57185F49-38E4-410D-8670-B42A2534D5D1}.Release|x86.Build.0 = SingleImage
		{57185F49-38E4-410D-8670-B42A2534D5D1}.SingleImage|Any CPU.ActiveCfg = SingleImage
		{57185F49-38E4-410D-8670-B42A2534D5D1}.SingleImage|Any CPU.Build.0 = SingleImage
		{57185F49-38E4-410D-8670-B42A2534D5D1}.SingleImage|Mixed Platforms.ActiveCfg = SingleImage
		{57185F49-38E4-410D-8670-B42A2534D5D1}.SingleImage|Mixed Platforms.Build.0 = SingleImage
		{57185F49-38E4-410D-8670-B42A2534D5D1}.SingleImage|x86.ActiveCfg = SingleImage
		{57185F49-38E4-410D-8670-B42A2534D5D1}.SingleImage|x86.Build.0 = SingleImage
		{B21DF2CB-4844-45C0-826C-74D142B57AA1}.CD_ROM|Any CPU.ActiveCfg = Release|Any CPU
		{B21DF2CB-4844-45C0-826C-74D142B57AA1}.CD_ROM|Any CPU.Build.0 = Release|Any CPU
		{B21DF2CB-4844-45C0-826C-74D142B57AA1}.CD_ROM|Mixed Platforms.ActiveCfg = Release|Any CPU
		{B21DF2CB-4844-45C0-826C-74D142B57AA1}.CD_ROM|Mixed Platforms.Build.0 = Release|Any CPU
		{B21DF2CB-4844-45C0-826C-74D142B57AA1}.CD_ROM|x86.ActiveCfg = Release|Any CPU
		{B21DF2CB-4844-45C0-826C-74D142B57AA1}.Debug|Any CPU.ActiveCfg = Debug|Any CPU
		{B21DF2CB-4844-45C0-826C-74D142B57AA1}.Debug|Any CPU.Build.0 = Debug|Any CPU
		{B21DF2CB-4844-45C0-826C-74D142B57AA1}.Debug|Mixed Platforms.ActiveCfg = Debug|Any CPU
		{B21DF2CB-4844-45C0-826C-74D142B57AA1}.Debug|Mixed Platforms.Build.0 = Debug|Any CPU
		{B21DF2CB-4844-45C0-826C-74D142B57AA1}.Debug|x86.ActiveCfg = Debug|Any CPU
		{B21DF2CB-4844-45C0-826C-74D142B57AA1}.DVD-5|Any CPU.ActiveCfg = Debug|Any CPU
		{B21DF2CB-4844-45C0-826C-74D142B57AA1}.DVD-5|Any CPU.Build.0 = Debug|Any CPU
		{B21DF2CB-4844-45C0-826C-74D142B57AA1}.DVD-5|Mixed Platforms.ActiveCfg = Debug|Any CPU
		{B21DF2CB-4844-45C0-826C-74D142B57AA1}.DVD-5|Mixed Platforms.Build.0 = Debug|Any CPU
		{B21DF2CB-4844-45C0-826C-74D142B57AA1}.DVD-5|x86.ActiveCfg = Debug|Any CPU
		{B21DF2CB-4844-45C0-826C-74D142B57AA1}.Release|Any CPU.ActiveCfg = Release|Any CPU
		{B21DF2CB-4844-45C0-826C-74D142B57AA1}.Release|Any CPU.Build.0 = Release|Any CPU
		{B21DF2CB-4844-45C0-826C-74D142B57AA1}.Release|Mixed Platforms.ActiveCfg = Release|Any CPU
		{B21DF2CB-4844-45C0-826C-74D142B57AA1}.Release|Mixed Platforms.Build.0 = Release|Any CPU
		{B21DF2CB-4844-45C0-826C-74D142B57AA1}.Release|x86.ActiveCfg = Release|Any CPU
		{B21DF2CB-4844-45C0-826C-74D142B57AA1}.SingleImage|Any CPU.ActiveCfg = Release|Any CPU
		{B21DF2CB-4844-45C0-826C-74D142B57AA1}.SingleImage|Any CPU.Build.0 = Release|Any CPU
		{B21DF2CB-4844-45C0-826C-74D142B57AA1}.SingleImage|Mixed Platforms.ActiveCfg = Release|Any CPU
		{B21DF2CB-4844-45C0-826C-74D142B57AA1}.SingleImage|Mixed Platforms.Build.0 = Release|Any CPU
		{B21DF2CB-4844-45C0-826C-74D142B57AA1}.SingleImage|x86.ActiveCfg = Release|Any CPU
		{E8B79840-6E1F-4800-97E0-DD50A4F79CE8}.CD_ROM|Any CPU.ActiveCfg = CD_ROM
		{E8B79840-6E1F-4800-97E0-DD50A4F79CE8}.CD_ROM|Any CPU.Build.0 = CD_ROM
		{E8B79840-6E1F-4800-97E0-DD50A4F79CE8}.CD_ROM|Mixed Platforms.ActiveCfg = CD_ROM
		{E8B79840-6E1F-4800-97E0-DD50A4F79CE8}.CD_ROM|Mixed Platforms.Build.0 = CD_ROM
		{E8B79840-6E1F-4800-97E0-DD50A4F79CE8}.CD_ROM|x86.ActiveCfg = CD_ROM
		{E8B79840-6E1F-4800-97E0-DD50A4F79CE8}.CD_ROM|x86.Build.0 = CD_ROM
		{E8B79840-6E1F-4800-97E0-DD50A4F79CE8}.Debug|Any CPU.ActiveCfg = DVD-5
		{E8B79840-6E1F-4800-97E0-DD50A4F79CE8}.Debug|Any CPU.Build.0 = DVD-5
		{E8B79840-6E1F-4800-97E0-DD50A4F79CE8}.Debug|Mixed Platforms.ActiveCfg = DVD-5
		{E8B79840-6E1F-4800-97E0-DD50A4F79CE8}.Debug|Mixed Platforms.Build.0 = DVD-5
		{E8B79840-6E1F-4800-97E0-DD50A4F79CE8}.Debug|x86.ActiveCfg = DVD-5
		{E8B79840-6E1F-4800-97E0-DD50A4F79CE8}.Debug|x86.Build.0 = DVD-5
		{E8B79840-6E1F-4800-97E0-DD50A4F79CE8}.DVD-5|Any CPU.ActiveCfg = DVD-5
		{E8B79840-6E1F-4800-97E0-DD50A4F79CE8}.DVD-5|Any CPU.Build.0 = DVD-5
		{E8B79840-6E1F-4800-97E0-DD50A4F79CE8}.DVD-5|Mixed Platforms.ActiveCfg = DVD-5
		{E8B79840-6E1F-4800-97E0-DD50A4F79CE8}.DVD-5|Mixed Platforms.Build.0 = DVD-5
		{E8B79840-6E1F-4800-97E0-DD50A4F79CE8}.DVD-5|x86.ActiveCfg = DVD-5
		{E8B79840-6E1F-4800-97E0-DD50A4F79CE8}.DVD-5|x86.Build.0 = DVD-5
		{E8B79840-6E1F-4800-97E0-DD50A4F79CE8}.Release|Any CPU.ActiveCfg = SingleImage
		{E8B79840-6E1F-4800-97E0-DD50A4F79CE8}.Release|Any CPU.Build.0 = SingleImage
		{E8B79840-6E1F-4800-97E0-DD50A4F79CE8}.Release|Mixed Platforms.ActiveCfg = SingleImage
		{E8B79840-6E1F-4800-97E0-DD50A4F79CE8}.Release|Mixed Platforms.Build.0 = SingleImage
		{E8B79840-6E1F-4800-97E0-DD50A4F79CE8}.Release|x86.ActiveCfg = SingleImage
		{E8B79840-6E1F-4800-97E0-DD50A4F79CE8}.Release|x86.Build.0 = SingleImage
		{E8B79840-6E1F-4800-97E0-DD50A4F79CE8}.SingleImage|Any CPU.ActiveCfg = SingleImage
		{E8B79840-6E1F-4800-97E0-DD50A4F79CE8}.SingleImage|Any CPU.Build.0 = SingleImage
		{E8B79840-6E1F-4800-97E0-DD50A4F79CE8}.SingleImage|Mixed Platforms.ActiveCfg = SingleImage
		{E8B79840-6E1F-4800-97E0-DD50A4F79CE8}.SingleImage|Mixed Platforms.Build.0 = SingleImage
		{E8B79840-6E1F-4800-97E0-DD50A4F79CE8}.SingleImage|x86.ActiveCfg = SingleImage
		{E8B79840-6E1F-4800-97E0-DD50A4F79CE8}.SingleImage|x86.Build.0 = SingleImage
	EndGlobalSection
	GlobalSection(SolutionProperties) = preSolution
		HideSolutionNode = FALSE
	EndGlobalSection
EndGlobal
