
Microsoft Visual Studio Solution File, Format Version 10.00
# Visual Studio 2008
Project("{E24C65DC-7377-472B-9ABA-BC803B73C61A}") = "trunk", "..\..\..\Strata8\WebServices\DidSvc\trunk\", "{8808F7F8-B6AD-4386-8896-66B7D6ABE299}"
	ProjectSection(WebsiteProperties) = preProject
		TargetFramework = "3.5"
		Debug.AspNetCompiler.VirtualPath = "/trunk"
		Debug.AspNetCompiler.PhysicalPath = "..\..\..\Strata8\WebServices\DidSvc\trunk\"
		Debug.AspNetCompiler.TargetPath = "PrecompiledWeb\trunk\"
		Debug.AspNetCompiler.Updateable = "true"
		Debug.AspNetCompiler.ForceOverwrite = "true"
		Debug.AspNetCompiler.FixedNames = "false"
		Debug.AspNetCompiler.Debug = "True"
		Release.AspNetCompiler.VirtualPath = "/trunk"
		Release.AspNetCompiler.PhysicalPath = "..\..\..\Strata8\WebServices\DidSvc\trunk\"
		Release.AspNetCompiler.TargetPath = "PrecompiledWeb\trunk\"
		Release.AspNetCompiler.Updateable = "true"
		Release.AspNetCompiler.ForceOverwrite = "true"
		Release.AspNetCompiler.FixedNames = "false"
		Release.AspNetCompiler.Debug = "False"
		VWDPort = "1265"
	EndProjectSection
EndProject
Project("{54435603-DBB4-11D2-8724-00A0C9A8B90C}") = "DidSvcSetup", "..\..\..\Strata8\Setup\DidSvcSetup\trunk\DidSvcSetup.vdproj", "{92A45EE6-22F1-4C71-83B7-0E459C8F5F10}"
EndProject
Project("{E24C65DC-7377-472B-9ABA-BC803B73C61A}") = "trunk", "..\..\..\Strata8\WebServices\CdrDBSvc\trunk\", "{E3E21F80-DF6E-409B-A144-7BBDEB7EDE1C}"
	ProjectSection(WebsiteProperties) = preProject
		TargetFramework = "3.5"
		Debug.AspNetCompiler.VirtualPath = "/trunk(1)"
		Debug.AspNetCompiler.PhysicalPath = "..\..\..\Strata8\WebServices\CdrDBSvc\trunk\"
		Debug.AspNetCompiler.TargetPath = "PrecompiledWeb\trunk(1)\"
		Debug.AspNetCompiler.Updateable = "true"
		Debug.AspNetCompiler.ForceOverwrite = "true"
		Debug.AspNetCompiler.FixedNames = "false"
		Debug.AspNetCompiler.Debug = "True"
		Release.AspNetCompiler.VirtualPath = "/trunk(1)"
		Release.AspNetCompiler.PhysicalPath = "..\..\..\Strata8\WebServices\CdrDBSvc\trunk\"
		Release.AspNetCompiler.TargetPath = "PrecompiledWeb\trunk(1)\"
		Release.AspNetCompiler.Updateable = "true"
		Release.AspNetCompiler.ForceOverwrite = "true"
		Release.AspNetCompiler.FixedNames = "false"
		Release.AspNetCompiler.Debug = "False"
		VWDPort = "1633"
	EndProjectSection
EndProject
Project("{54435603-DBB4-11D2-8724-00A0C9A8B90C}") = "CdrDbSvcSetup", "..\..\..\Strata8\Setup\CdrDbSvcSetup\trunk\CdrDbSvcSetup.vdproj", "{E88A3BC8-853B-4D49-85DC-91B56283CD8A}"
EndProject
Global
	GlobalSection(SolutionConfigurationPlatforms) = preSolution
		Debug|.NET = Debug|.NET
		Debug|Any CPU = Debug|Any CPU
		Debug|Mixed Platforms = Debug|Mixed Platforms
		Release|.NET = Release|.NET
		Release|Any CPU = Release|Any CPU
		Release|Mixed Platforms = Release|Mixed Platforms
	EndGlobalSection
	GlobalSection(ProjectConfigurationPlatforms) = postSolution
		{8808F7F8-B6AD-4386-8896-66B7D6ABE299}.Debug|.NET.ActiveCfg = Debug|.NET
		{8808F7F8-B6AD-4386-8896-66B7D6ABE299}.Debug|.NET.Build.0 = Debug|.NET
		{8808F7F8-B6AD-4386-8896-66B7D6ABE299}.Debug|Any CPU.ActiveCfg = Debug|.NET
		{8808F7F8-B6AD-4386-8896-66B7D6ABE299}.Debug|Mixed Platforms.ActiveCfg = Debug|.NET
		{8808F7F8-B6AD-4386-8896-66B7D6ABE299}.Debug|Mixed Platforms.Build.0 = Debug|.NET
		{8808F7F8-B6AD-4386-8896-66B7D6ABE299}.Release|.NET.ActiveCfg = Debug|.NET
		{8808F7F8-B6AD-4386-8896-66B7D6ABE299}.Release|.NET.Build.0 = Debug|.NET
		{8808F7F8-B6AD-4386-8896-66B7D6ABE299}.Release|Any CPU.ActiveCfg = Debug|.NET
		{8808F7F8-B6AD-4386-8896-66B7D6ABE299}.Release|Mixed Platforms.ActiveCfg = Debug|.NET
		{8808F7F8-B6AD-4386-8896-66B7D6ABE299}.Release|Mixed Platforms.Build.0 = Debug|.NET
		{92A45EE6-22F1-4C71-83B7-0E459C8F5F10}.Debug|.NET.ActiveCfg = Debug
		{92A45EE6-22F1-4C71-83B7-0E459C8F5F10}.Debug|.NET.Build.0 = Debug
		{92A45EE6-22F1-4C71-83B7-0E459C8F5F10}.Debug|Any CPU.ActiveCfg = Debug
		{92A45EE6-22F1-4C71-83B7-0E459C8F5F10}.Debug|Any CPU.Build.0 = Debug
		{92A45EE6-22F1-4C71-83B7-0E459C8F5F10}.Debug|Mixed Platforms.ActiveCfg = Debug
		{92A45EE6-22F1-4C71-83B7-0E459C8F5F10}.Debug|Mixed Platforms.Build.0 = Debug
		{92A45EE6-22F1-4C71-83B7-0E459C8F5F10}.Release|.NET.ActiveCfg = Release
		{92A45EE6-22F1-4C71-83B7-0E459C8F5F10}.Release|.NET.Build.0 = Release
		{92A45EE6-22F1-4C71-83B7-0E459C8F5F10}.Release|Any CPU.ActiveCfg = Release
		{92A45EE6-22F1-4C71-83B7-0E459C8F5F10}.Release|Any CPU.Build.0 = Release
		{92A45EE6-22F1-4C71-83B7-0E459C8F5F10}.Release|Mixed Platforms.ActiveCfg = Release
		{92A45EE6-22F1-4C71-83B7-0E459C8F5F10}.Release|Mixed Platforms.Build.0 = Release
		{E3E21F80-DF6E-409B-A144-7BBDEB7EDE1C}.Debug|.NET.ActiveCfg = Debug|.NET
		{E3E21F80-DF6E-409B-A144-7BBDEB7EDE1C}.Debug|.NET.Build.0 = Debug|.NET
		{E3E21F80-DF6E-409B-A144-7BBDEB7EDE1C}.Debug|Any CPU.ActiveCfg = Debug|.NET
		{E3E21F80-DF6E-409B-A144-7BBDEB7EDE1C}.Debug|Mixed Platforms.ActiveCfg = Debug|.NET
		{E3E21F80-DF6E-409B-A144-7BBDEB7EDE1C}.Debug|Mixed Platforms.Build.0 = Debug|.NET
		{E3E21F80-DF6E-409B-A144-7BBDEB7EDE1C}.Release|.NET.ActiveCfg = Debug|.NET
		{E3E21F80-DF6E-409B-A144-7BBDEB7EDE1C}.Release|.NET.Build.0 = Debug|.NET
		{E3E21F80-DF6E-409B-A144-7BBDEB7EDE1C}.Release|Any CPU.ActiveCfg = Debug|.NET
		{E3E21F80-DF6E-409B-A144-7BBDEB7EDE1C}.Release|Mixed Platforms.ActiveCfg = Debug|.NET
		{E3E21F80-DF6E-409B-A144-7BBDEB7EDE1C}.Release|Mixed Platforms.Build.0 = Debug|.NET
		{E88A3BC8-853B-4D49-85DC-91B56283CD8A}.Debug|.NET.ActiveCfg = Debug
		{E88A3BC8-853B-4D49-85DC-91B56283CD8A}.Debug|.NET.Build.0 = Debug
		{E88A3BC8-853B-4D49-85DC-91B56283CD8A}.Debug|Any CPU.ActiveCfg = Debug
		{E88A3BC8-853B-4D49-85DC-91B56283CD8A}.Debug|Any CPU.Build.0 = Debug
		{E88A3BC8-853B-4D49-85DC-91B56283CD8A}.Debug|Mixed Platforms.ActiveCfg = Debug
		{E88A3BC8-853B-4D49-85DC-91B56283CD8A}.Debug|Mixed Platforms.Build.0 = Debug
		{E88A3BC8-853B-4D49-85DC-91B56283CD8A}.Release|.NET.ActiveCfg = Release
		{E88A3BC8-853B-4D49-85DC-91B56283CD8A}.Release|.NET.Build.0 = Release
		{E88A3BC8-853B-4D49-85DC-91B56283CD8A}.Release|Any CPU.ActiveCfg = Release
		{E88A3BC8-853B-4D49-85DC-91B56283CD8A}.Release|Any CPU.Build.0 = Release
		{E88A3BC8-853B-4D49-85DC-91B56283CD8A}.Release|Mixed Platforms.ActiveCfg = Release
		{E88A3BC8-853B-4D49-85DC-91B56283CD8A}.Release|Mixed Platforms.Build.0 = Release
	EndGlobalSection
	GlobalSection(SolutionProperties) = preSolution
		HideSolutionNode = FALSE
	EndGlobalSection
EndGlobal
